// !$*UTF8*$!
{
	archiveVersion = 1;
	classes = {
	};
	objectVersion = 56;
	objects = {

/* Begin PBXBuildFile section */
		B174C4022A495F7A0082ADDC /* OnboardCellViewModel.swift in Sources */ = {isa = PBXBuildFile; fileRef = B174C4012A495F7A0082ADDC /* OnboardCellViewModel.swift */; };
		B174C4082A497BCF0082ADDC /* SnappingLayout.swift in Sources */ = {isa = PBXBuildFile; fileRef = B174C4072A497BCF0082ADDC /* SnappingLayout.swift */; };
		B174C4102A49AB4B0082ADDC /* LoginViewController.swift in Sources */ = {isa = PBXBuildFile; fileRef = B174C40E2A49AB4B0082ADDC /* LoginViewController.swift */; };
		B174C4112A49AB4B0082ADDC /* LoginView.xib in Resources */ = {isa = PBXBuildFile; fileRef = B174C40F2A49AB4B0082ADDC /* LoginView.xib */; };
		B174C4152A49AB8C0082ADDC /* LoginRouter.swift in Sources */ = {isa = PBXBuildFile; fileRef = B174C4142A49AB8C0082ADDC /* LoginRouter.swift */; };
		B174C4172A49AB930082ADDC /* LoginInteractor.swift in Sources */ = {isa = PBXBuildFile; fileRef = B174C4162A49AB930082ADDC /* LoginInteractor.swift */; };
		B174C4192A49AB9A0082ADDC /* LoginPresenter.swift in Sources */ = {isa = PBXBuildFile; fileRef = B174C4182A49AB9A0082ADDC /* LoginPresenter.swift */; };
		B174C41B2A49BA470082ADDC /* GoogleService-Info.plist in Resources */ = {isa = PBXBuildFile; fileRef = B174C41A2A49BA470082ADDC /* GoogleService-Info.plist */; };
		B174C41E2A49BF190082ADDC /* FirebaseAuth in Frameworks */ = {isa = PBXBuildFile; productRef = B174C41D2A49BF190082ADDC /* FirebaseAuth */; };
		B174C4202A49BF190082ADDC /* FirebaseDatabase in Frameworks */ = {isa = PBXBuildFile; productRef = B174C41F2A49BF190082ADDC /* FirebaseDatabase */; };
		B17D35232A49D07B00591517 /* IQKeyboardManagerSwift in Frameworks */ = {isa = PBXBuildFile; productRef = B17D35222A49D07B00591517 /* IQKeyboardManagerSwift */; };
		B17D35272A49D1DD00591517 /* AuthManager.swift in Sources */ = {isa = PBXBuildFile; fileRef = B17D35262A49D1DD00591517 /* AuthManager.swift */; };
		B17DC85D2A4B15DC00572CF1 /* CustomSignInWithGoogleButton.swift in Sources */ = {isa = PBXBuildFile; fileRef = B17DC85C2A4B15DC00572CF1 /* CustomSignInWithGoogleButton.swift */; };
		B18911792A4EC9AE00913F83 /* PaddingLabel.swift in Sources */ = {isa = PBXBuildFile; fileRef = B18911782A4EC9AE00913F83 /* PaddingLabel.swift */; };
		B19BD1172A4AFE02002FBA48 /* GoogleSignIn in Frameworks */ = {isa = PBXBuildFile; productRef = B19BD1162A4AFE02002FBA48 /* GoogleSignIn */; };
		B19C8E262A48B6F20085160E /* AppDelegate.swift in Sources */ = {isa = PBXBuildFile; fileRef = B19C8E252A48B6F20085160E /* AppDelegate.swift */; };
		B19C8E282A48B6F20085160E /* SceneDelegate.swift in Sources */ = {isa = PBXBuildFile; fileRef = B19C8E272A48B6F20085160E /* SceneDelegate.swift */; };
		B19C8E2F2A48B6F30085160E /* Assets.xcassets in Resources */ = {isa = PBXBuildFile; fileRef = B19C8E2E2A48B6F30085160E /* Assets.xcassets */; };
		B19C8E322A48B6F30085160E /* LaunchScreen.storyboard in Resources */ = {isa = PBXBuildFile; fileRef = B19C8E302A48B6F30085160E /* LaunchScreen.storyboard */; };
		B19C8E402A48B83D0085160E /* OnboardingViewController.swift in Sources */ = {isa = PBXBuildFile; fileRef = B19C8E3F2A48B83D0085160E /* OnboardingViewController.swift */; };
		B1A4B24C2A4D80A6002F2E31 /* NavBarViewModel.swift in Sources */ = {isa = PBXBuildFile; fileRef = B1A4B24B2A4D80A6002F2E31 /* NavBarViewModel.swift */; };
		B1A4B24F2A4D82D0002F2E31 /* UserInfoManager.swift in Sources */ = {isa = PBXBuildFile; fileRef = B1A4B24E2A4D82D0002F2E31 /* UserInfoManager.swift */; };
		B1A4B2512A4D9C29002F2E31 /* String+Extension.swift in Sources */ = {isa = PBXBuildFile; fileRef = B1A4B2502A4D9C29002F2E31 /* String+Extension.swift */; };
		B1A4B2542A4DD252002F2E31 /* ProductDetailRouter.swift in Sources */ = {isa = PBXBuildFile; fileRef = B1A4B2532A4DD252002F2E31 /* ProductDetailRouter.swift */; };
		B1A4B2562A4DD25A002F2E31 /* ProductDetailInteractor.swift in Sources */ = {isa = PBXBuildFile; fileRef = B1A4B2552A4DD25A002F2E31 /* ProductDetailInteractor.swift */; };
		B1A4B2582A4DD266002F2E31 /* ProductDetailPresenter.swift in Sources */ = {isa = PBXBuildFile; fileRef = B1A4B2572A4DD266002F2E31 /* ProductDetailPresenter.swift */; };
		B1A4B25A2A4DD3D4002F2E31 /* ProductDetailViewController.swift in Sources */ = {isa = PBXBuildFile; fileRef = B1A4B2592A4DD3D4002F2E31 /* ProductDetailViewController.swift */; };
		B1A4B25F2A4DD736002F2E31 /* ProductDetailCell.swift in Sources */ = {isa = PBXBuildFile; fileRef = B1A4B25E2A4DD736002F2E31 /* ProductDetailCell.swift */; };
		B1A4B2642A4DF390002F2E31 /* AddBasketView.swift in Sources */ = {isa = PBXBuildFile; fileRef = B1A4B2632A4DF390002F2E31 /* AddBasketView.swift */; };
		B1A6D60E2A4C2111005D45F3 /* HomeInteractor.swift in Sources */ = {isa = PBXBuildFile; fileRef = B1A6D60D2A4C2111005D45F3 /* HomeInteractor.swift */; };
		B1A6D6102A4C21B1005D45F3 /* HomePresenter.swift in Sources */ = {isa = PBXBuildFile; fileRef = B1A6D60F2A4C21B1005D45F3 /* HomePresenter.swift */; };
		B1A6D6122A4C21E3005D45F3 /* HomeRouter.swift in Sources */ = {isa = PBXBuildFile; fileRef = B1A6D6112A4C21E3005D45F3 /* HomeRouter.swift */; };
		B1A6D6162A4C26BA005D45F3 /* CustomNavBarView.swift in Sources */ = {isa = PBXBuildFile; fileRef = B1A6D6152A4C26BA005D45F3 /* CustomNavBarView.swift */; };
		B1A6D61B2A4C3C8E005D45F3 /* CategoryTitleCell.swift in Sources */ = {isa = PBXBuildFile; fileRef = B1A6D61A2A4C3C8E005D45F3 /* CategoryTitleCell.swift */; };
		B1A6D61D2A4C6C60005D45F3 /* UIScreenBounds.swift in Sources */ = {isa = PBXBuildFile; fileRef = B1A6D61C2A4C6C60005D45F3 /* UIScreenBounds.swift */; };
		B1A6D61F2A4C7269005D45F3 /* ProductCell.swift in Sources */ = {isa = PBXBuildFile; fileRef = B1A6D61E2A4C7269005D45F3 /* ProductCell.swift */; };
		B1A6D6212A4C740F005D45F3 /* VerticalStackView.swift in Sources */ = {isa = PBXBuildFile; fileRef = B1A6D6202A4C740F005D45F3 /* VerticalStackView.swift */; };
		B1A6D6242A4C9E3E005D45F3 /* NetworkManager.swift in Sources */ = {isa = PBXBuildFile; fileRef = B1A6D6232A4C9E3E005D45F3 /* NetworkManager.swift */; };
		B1A6D6262A4C9EA6005D45F3 /* NetworkError.swift in Sources */ = {isa = PBXBuildFile; fileRef = B1A6D6252A4C9EA6005D45F3 /* NetworkError.swift */; };
		B1A6D6282A4C9EC7005D45F3 /* HTTPMethods.swift in Sources */ = {isa = PBXBuildFile; fileRef = B1A6D6272A4C9EC7005D45F3 /* HTTPMethods.swift */; };
		B1A6D62B2A4C9F0E005D45F3 /* EndpointProtocol.swift in Sources */ = {isa = PBXBuildFile; fileRef = B1A6D62A2A4C9F0E005D45F3 /* EndpointProtocol.swift */; };
		B1A6D62D2A4CA3B9005D45F3 /* ProductsEndpoint.swift in Sources */ = {isa = PBXBuildFile; fileRef = B1A6D62C2A4CA3B9005D45F3 /* ProductsEndpoint.swift */; };
		B1A6D6342A4CAAA2005D45F3 /* ProductsService.swift in Sources */ = {isa = PBXBuildFile; fileRef = B1A6D6332A4CAAA2005D45F3 /* ProductsService.swift */; };
		B1A6D6372A4CAC6A005D45F3 /* ProductModel.swift in Sources */ = {isa = PBXBuildFile; fileRef = B1A6D6362A4CAC6A005D45F3 /* ProductModel.swift */; };
		B1A6D63A2A4CBAA8005D45F3 /* SDWebImage in Frameworks */ = {isa = PBXBuildFile; productRef = B1A6D6392A4CBAA8005D45F3 /* SDWebImage */; };
		B1A9D31F2A4A16520033C3D2 /* SignUpViewController.swift in Sources */ = {isa = PBXBuildFile; fileRef = B1A9D31D2A4A16520033C3D2 /* SignUpViewController.swift */; };
		B1A9D3202A4A16520033C3D2 /* SignUpView.xib in Resources */ = {isa = PBXBuildFile; fileRef = B1A9D31E2A4A16520033C3D2 /* SignUpView.xib */; };
		B1A9D3242A4A167B0033C3D2 /* SignUpPresenter.swift in Sources */ = {isa = PBXBuildFile; fileRef = B1A9D3232A4A167B0033C3D2 /* SignUpPresenter.swift */; };
		B1A9D3262A4A16810033C3D2 /* SignUpRouter.swift in Sources */ = {isa = PBXBuildFile; fileRef = B1A9D3252A4A16810033C3D2 /* SignUpRouter.swift */; };
		B1A9D3282A4A168B0033C3D2 /* SignUpInteractor.swift in Sources */ = {isa = PBXBuildFile; fileRef = B1A9D3272A4A168B0033C3D2 /* SignUpInteractor.swift */; };
		B1AD60642A4A2C1E00BD5094 /* FirebaseError.swift in Sources */ = {isa = PBXBuildFile; fileRef = B1AD60632A4A2C1E00BD5094 /* FirebaseError.swift */; };
		B1B2A6682A4CC3B500979E18 /* Categories.swift in Sources */ = {isa = PBXBuildFile; fileRef = B1B2A6672A4CC3B500979E18 /* Categories.swift */; };
		B1CB66C92A48D035008FF752 /* OnboardCell.swift in Sources */ = {isa = PBXBuildFile; fileRef = B1CB66C82A48D035008FF752 /* OnboardCell.swift */; };
		B1D18BA42A48BD85003F0E4C /* OnboardingRouter.swift in Sources */ = {isa = PBXBuildFile; fileRef = B1D18BA32A48BD85003F0E4C /* OnboardingRouter.swift */; };
		B1D18BA62A48BD92003F0E4C /* OnboardingPresenter.swift in Sources */ = {isa = PBXBuildFile; fileRef = B1D18BA52A48BD92003F0E4C /* OnboardingPresenter.swift */; };
		B1D18BA82A48BD9F003F0E4C /* OnboardingInteractor.swift in Sources */ = {isa = PBXBuildFile; fileRef = B1D18BA72A48BD9F003F0E4C /* OnboardingInteractor.swift */; };
		B1D18BAB2A48CDA1003F0E4C /* SnapKit in Frameworks */ = {isa = PBXBuildFile; productRef = B1D18BAA2A48CDA1003F0E4C /* SnapKit */; };
		B1E714452A4ABFB800552A8E /* SPAlert in Frameworks */ = {isa = PBXBuildFile; productRef = B1E714442A4ABFB800552A8E /* SPAlert */; };
		B1E714472A4ABFD700552A8E /* UIViewController+Extension.swift in Sources */ = {isa = PBXBuildFile; fileRef = B1E714462A4ABFD700552A8E /* UIViewController+Extension.swift */; };
		B1E714492A4AC70E00552A8E /* GeneralError.swift in Sources */ = {isa = PBXBuildFile; fileRef = B1E714482A4AC70E00552A8E /* GeneralError.swift */; };
		B1E7144B2A4AD08600552A8E /* HomeViewController.swift in Sources */ = {isa = PBXBuildFile; fileRef = B1E7144A2A4AD08600552A8E /* HomeViewController.swift */; };
/* End PBXBuildFile section */

/* Begin PBXFileReference section */
		B174C4012A495F7A0082ADDC /* OnboardCellViewModel.swift */ = {isa = PBXFileReference; lastKnownFileType = sourcecode.swift; path = OnboardCellViewModel.swift; sourceTree = "<group>"; };
		B174C4072A497BCF0082ADDC /* SnappingLayout.swift */ = {isa = PBXFileReference; lastKnownFileType = sourcecode.swift; path = SnappingLayout.swift; sourceTree = "<group>"; };
		B174C40E2A49AB4B0082ADDC /* LoginViewController.swift */ = {isa = PBXFileReference; lastKnownFileType = sourcecode.swift; path = LoginViewController.swift; sourceTree = "<group>"; };
		B174C40F2A49AB4B0082ADDC /* LoginView.xib */ = {isa = PBXFileReference; lastKnownFileType = file.xib; path = LoginView.xib; sourceTree = "<group>"; };
		B174C4142A49AB8C0082ADDC /* LoginRouter.swift */ = {isa = PBXFileReference; lastKnownFileType = sourcecode.swift; path = LoginRouter.swift; sourceTree = "<group>"; };
		B174C4162A49AB930082ADDC /* LoginInteractor.swift */ = {isa = PBXFileReference; lastKnownFileType = sourcecode.swift; path = LoginInteractor.swift; sourceTree = "<group>"; };
		B174C4182A49AB9A0082ADDC /* LoginPresenter.swift */ = {isa = PBXFileReference; lastKnownFileType = sourcecode.swift; path = LoginPresenter.swift; sourceTree = "<group>"; };
		B174C41A2A49BA470082ADDC /* GoogleService-Info.plist */ = {isa = PBXFileReference; fileEncoding = 4; lastKnownFileType = text.plist.xml; path = "GoogleService-Info.plist"; sourceTree = "<group>"; };
		B17D35262A49D1DD00591517 /* AuthManager.swift */ = {isa = PBXFileReference; lastKnownFileType = sourcecode.swift; path = AuthManager.swift; sourceTree = "<group>"; };
		B17DC85C2A4B15DC00572CF1 /* CustomSignInWithGoogleButton.swift */ = {isa = PBXFileReference; lastKnownFileType = sourcecode.swift; path = CustomSignInWithGoogleButton.swift; sourceTree = "<group>"; };
		B18911782A4EC9AE00913F83 /* PaddingLabel.swift */ = {isa = PBXFileReference; lastKnownFileType = sourcecode.swift; path = PaddingLabel.swift; sourceTree = "<group>"; };
		B19C8E222A48B6F20085160E /* ECommerce.app */ = {isa = PBXFileReference; explicitFileType = wrapper.application; includeInIndex = 0; path = ECommerce.app; sourceTree = BUILT_PRODUCTS_DIR; };
		B19C8E252A48B6F20085160E /* AppDelegate.swift */ = {isa = PBXFileReference; lastKnownFileType = sourcecode.swift; path = AppDelegate.swift; sourceTree = "<group>"; };
		B19C8E272A48B6F20085160E /* SceneDelegate.swift */ = {isa = PBXFileReference; lastKnownFileType = sourcecode.swift; path = SceneDelegate.swift; sourceTree = "<group>"; };
		B19C8E2E2A48B6F30085160E /* Assets.xcassets */ = {isa = PBXFileReference; lastKnownFileType = folder.assetcatalog; path = Assets.xcassets; sourceTree = "<group>"; };
		B19C8E312A48B6F30085160E /* Base */ = {isa = PBXFileReference; lastKnownFileType = file.storyboard; name = Base; path = Base.lproj/LaunchScreen.storyboard; sourceTree = "<group>"; };
		B19C8E332A48B6F30085160E /* Info.plist */ = {isa = PBXFileReference; lastKnownFileType = text.plist.xml; path = Info.plist; sourceTree = "<group>"; };
		B19C8E3F2A48B83D0085160E /* OnboardingViewController.swift */ = {isa = PBXFileReference; lastKnownFileType = sourcecode.swift; path = OnboardingViewController.swift; sourceTree = "<group>"; };
		B1A4B24B2A4D80A6002F2E31 /* NavBarViewModel.swift */ = {isa = PBXFileReference; lastKnownFileType = sourcecode.swift; path = NavBarViewModel.swift; sourceTree = "<group>"; };
		B1A4B24E2A4D82D0002F2E31 /* UserInfoManager.swift */ = {isa = PBXFileReference; lastKnownFileType = sourcecode.swift; path = UserInfoManager.swift; sourceTree = "<group>"; };
		B1A4B2502A4D9C29002F2E31 /* String+Extension.swift */ = {isa = PBXFileReference; lastKnownFileType = sourcecode.swift; path = "String+Extension.swift"; sourceTree = "<group>"; };
		B1A4B2532A4DD252002F2E31 /* ProductDetailRouter.swift */ = {isa = PBXFileReference; lastKnownFileType = sourcecode.swift; path = ProductDetailRouter.swift; sourceTree = "<group>"; };
		B1A4B2552A4DD25A002F2E31 /* ProductDetailInteractor.swift */ = {isa = PBXFileReference; lastKnownFileType = sourcecode.swift; path = ProductDetailInteractor.swift; sourceTree = "<group>"; };
		B1A4B2572A4DD266002F2E31 /* ProductDetailPresenter.swift */ = {isa = PBXFileReference; lastKnownFileType = sourcecode.swift; path = ProductDetailPresenter.swift; sourceTree = "<group>"; };
		B1A4B2592A4DD3D4002F2E31 /* ProductDetailViewController.swift */ = {isa = PBXFileReference; lastKnownFileType = sourcecode.swift; path = ProductDetailViewController.swift; sourceTree = "<group>"; };
		B1A4B25E2A4DD736002F2E31 /* ProductDetailCell.swift */ = {isa = PBXFileReference; lastKnownFileType = sourcecode.swift; path = ProductDetailCell.swift; sourceTree = "<group>"; };
		B1A4B2632A4DF390002F2E31 /* AddBasketView.swift */ = {isa = PBXFileReference; lastKnownFileType = sourcecode.swift; path = AddBasketView.swift; sourceTree = "<group>"; };
		B1A6D60D2A4C2111005D45F3 /* HomeInteractor.swift */ = {isa = PBXFileReference; lastKnownFileType = sourcecode.swift; path = HomeInteractor.swift; sourceTree = "<group>"; };
		B1A6D60F2A4C21B1005D45F3 /* HomePresenter.swift */ = {isa = PBXFileReference; lastKnownFileType = sourcecode.swift; path = HomePresenter.swift; sourceTree = "<group>"; };
		B1A6D6112A4C21E3005D45F3 /* HomeRouter.swift */ = {isa = PBXFileReference; lastKnownFileType = sourcecode.swift; path = HomeRouter.swift; sourceTree = "<group>"; };
		B1A6D6152A4C26BA005D45F3 /* CustomNavBarView.swift */ = {isa = PBXFileReference; lastKnownFileType = sourcecode.swift; path = CustomNavBarView.swift; sourceTree = "<group>"; };
		B1A6D61A2A4C3C8E005D45F3 /* CategoryTitleCell.swift */ = {isa = PBXFileReference; lastKnownFileType = sourcecode.swift; path = CategoryTitleCell.swift; sourceTree = "<group>"; };
		B1A6D61C2A4C6C60005D45F3 /* UIScreenBounds.swift */ = {isa = PBXFileReference; lastKnownFileType = sourcecode.swift; path = UIScreenBounds.swift; sourceTree = "<group>"; };
		B1A6D61E2A4C7269005D45F3 /* ProductCell.swift */ = {isa = PBXFileReference; lastKnownFileType = sourcecode.swift; path = ProductCell.swift; sourceTree = "<group>"; };
		B1A6D6202A4C740F005D45F3 /* VerticalStackView.swift */ = {isa = PBXFileReference; lastKnownFileType = sourcecode.swift; path = VerticalStackView.swift; sourceTree = "<group>"; };
		B1A6D6232A4C9E3E005D45F3 /* NetworkManager.swift */ = {isa = PBXFileReference; lastKnownFileType = sourcecode.swift; path = NetworkManager.swift; sourceTree = "<group>"; };
		B1A6D6252A4C9EA6005D45F3 /* NetworkError.swift */ = {isa = PBXFileReference; lastKnownFileType = sourcecode.swift; path = NetworkError.swift; sourceTree = "<group>"; };
		B1A6D6272A4C9EC7005D45F3 /* HTTPMethods.swift */ = {isa = PBXFileReference; lastKnownFileType = sourcecode.swift; path = HTTPMethods.swift; sourceTree = "<group>"; };
		B1A6D62A2A4C9F0E005D45F3 /* EndpointProtocol.swift */ = {isa = PBXFileReference; lastKnownFileType = sourcecode.swift; path = EndpointProtocol.swift; sourceTree = "<group>"; };
		B1A6D62C2A4CA3B9005D45F3 /* ProductsEndpoint.swift */ = {isa = PBXFileReference; lastKnownFileType = sourcecode.swift; path = ProductsEndpoint.swift; sourceTree = "<group>"; };
		B1A6D6332A4CAAA2005D45F3 /* ProductsService.swift */ = {isa = PBXFileReference; lastKnownFileType = sourcecode.swift; path = ProductsService.swift; sourceTree = "<group>"; };
		B1A6D6362A4CAC6A005D45F3 /* ProductModel.swift */ = {isa = PBXFileReference; lastKnownFileType = sourcecode.swift; path = ProductModel.swift; sourceTree = "<group>"; };
		B1A9D31D2A4A16520033C3D2 /* SignUpViewController.swift */ = {isa = PBXFileReference; lastKnownFileType = sourcecode.swift; path = SignUpViewController.swift; sourceTree = "<group>"; };
		B1A9D31E2A4A16520033C3D2 /* SignUpView.xib */ = {isa = PBXFileReference; lastKnownFileType = file.xib; path = SignUpView.xib; sourceTree = "<group>"; };
		B1A9D3232A4A167B0033C3D2 /* SignUpPresenter.swift */ = {isa = PBXFileReference; lastKnownFileType = sourcecode.swift; path = SignUpPresenter.swift; sourceTree = "<group>"; };
		B1A9D3252A4A16810033C3D2 /* SignUpRouter.swift */ = {isa = PBXFileReference; lastKnownFileType = sourcecode.swift; path = SignUpRouter.swift; sourceTree = "<group>"; };
		B1A9D3272A4A168B0033C3D2 /* SignUpInteractor.swift */ = {isa = PBXFileReference; lastKnownFileType = sourcecode.swift; path = SignUpInteractor.swift; sourceTree = "<group>"; };
		B1AD60632A4A2C1E00BD5094 /* FirebaseError.swift */ = {isa = PBXFileReference; lastKnownFileType = sourcecode.swift; path = FirebaseError.swift; sourceTree = "<group>"; };
		B1B2A6672A4CC3B500979E18 /* Categories.swift */ = {isa = PBXFileReference; lastKnownFileType = sourcecode.swift; path = Categories.swift; sourceTree = "<group>"; };
		B1CB66C82A48D035008FF752 /* OnboardCell.swift */ = {isa = PBXFileReference; lastKnownFileType = sourcecode.swift; path = OnboardCell.swift; sourceTree = "<group>"; };
		B1D18BA32A48BD85003F0E4C /* OnboardingRouter.swift */ = {isa = PBXFileReference; lastKnownFileType = sourcecode.swift; path = OnboardingRouter.swift; sourceTree = "<group>"; };
		B1D18BA52A48BD92003F0E4C /* OnboardingPresenter.swift */ = {isa = PBXFileReference; lastKnownFileType = sourcecode.swift; path = OnboardingPresenter.swift; sourceTree = "<group>"; };
		B1D18BA72A48BD9F003F0E4C /* OnboardingInteractor.swift */ = {isa = PBXFileReference; lastKnownFileType = sourcecode.swift; path = OnboardingInteractor.swift; sourceTree = "<group>"; };
		B1E714462A4ABFD700552A8E /* UIViewController+Extension.swift */ = {isa = PBXFileReference; lastKnownFileType = sourcecode.swift; path = "UIViewController+Extension.swift"; sourceTree = "<group>"; };
		B1E714482A4AC70E00552A8E /* GeneralError.swift */ = {isa = PBXFileReference; lastKnownFileType = sourcecode.swift; path = GeneralError.swift; sourceTree = "<group>"; };
		B1E7144A2A4AD08600552A8E /* HomeViewController.swift */ = {isa = PBXFileReference; lastKnownFileType = sourcecode.swift; path = HomeViewController.swift; sourceTree = "<group>"; };
/* End PBXFileReference section */

/* Begin PBXFrameworksBuildPhase section */
		B19C8E1F2A48B6F20085160E /* Frameworks */ = {
			isa = PBXFrameworksBuildPhase;
			buildActionMask = 2147483647;
			files = (
				B174C4202A49BF190082ADDC /* FirebaseDatabase in Frameworks */,
				B1E714452A4ABFB800552A8E /* SPAlert in Frameworks */,
				B17D35232A49D07B00591517 /* IQKeyboardManagerSwift in Frameworks */,
				B1A6D63A2A4CBAA8005D45F3 /* SDWebImage in Frameworks */,
				B1D18BAB2A48CDA1003F0E4C /* SnapKit in Frameworks */,
				B174C41E2A49BF190082ADDC /* FirebaseAuth in Frameworks */,
				B19BD1172A4AFE02002FBA48 /* GoogleSignIn in Frameworks */,
			);
			runOnlyForDeploymentPostprocessing = 0;
		};
/* End PBXFrameworksBuildPhase section */

/* Begin PBXGroup section */
		B174C4032A495FF80082ADDC /* OnboardCell */ = {
			isa = PBXGroup;
			children = (
				B1CB66C82A48D035008FF752 /* OnboardCell.swift */,
				B174C4012A495F7A0082ADDC /* OnboardCellViewModel.swift */,
			);
			path = OnboardCell;
			sourceTree = "<group>";
		};
		B174C4042A497BB10082ADDC /* Utilities */ = {
			isa = PBXGroup;
			children = (
				B1A6D6292A4C9EFA005D45F3 /* Protocols */,
				B174C4062A497BC00082ADDC /* Helpers */,
				B174C4052A497BBA0082ADDC /* Extensions */,
			);
			path = Utilities;
			sourceTree = "<group>";
		};
		B174C4052A497BBA0082ADDC /* Extensions */ = {
			isa = PBXGroup;
			children = (
				B1E714462A4ABFD700552A8E /* UIViewController+Extension.swift */,
				B1A4B2502A4D9C29002F2E31 /* String+Extension.swift */,
			);
			path = Extensions;
			sourceTree = "<group>";
		};
		B174C4062A497BC00082ADDC /* Helpers */ = {
			isa = PBXGroup;
			children = (
				B174C4072A497BCF0082ADDC /* SnappingLayout.swift */,
				B1A6D61C2A4C6C60005D45F3 /* UIScreenBounds.swift */,
				B1A6D6202A4C740F005D45F3 /* VerticalStackView.swift */,
				B18911782A4EC9AE00913F83 /* PaddingLabel.swift */,
			);
			path = Helpers;
			sourceTree = "<group>";
		};
		B174C4092A4983990082ADDC /* Base */ = {
			isa = PBXGroup;
			children = (
				B1D18BA72A48BD9F003F0E4C /* OnboardingInteractor.swift */,
				B1D18BA52A48BD92003F0E4C /* OnboardingPresenter.swift */,
				B1D18BA32A48BD85003F0E4C /* OnboardingRouter.swift */,
				B19C8E3F2A48B83D0085160E /* OnboardingViewController.swift */,
			);
			path = Base;
			sourceTree = "<group>";
		};
		B174C40D2A49AA0A0082ADDC /* Login */ = {
			isa = PBXGroup;
			children = (
				B1A6D6192A4C2F03005D45F3 /* UIComponents */,
				B174C4122A49AB660082ADDC /* Base */,
			);
			path = Login;
			sourceTree = "<group>";
		};
		B174C4122A49AB660082ADDC /* Base */ = {
			isa = PBXGroup;
			children = (
				B174C40E2A49AB4B0082ADDC /* LoginViewController.swift */,
				B174C4182A49AB9A0082ADDC /* LoginPresenter.swift */,
				B174C4142A49AB8C0082ADDC /* LoginRouter.swift */,
				B174C4162A49AB930082ADDC /* LoginInteractor.swift */,
			);
			path = Base;
			sourceTree = "<group>";
		};
		B174C4132A49AB750082ADDC /* View */ = {
			isa = PBXGroup;
			children = (
				B174C40F2A49AB4B0082ADDC /* LoginView.xib */,
			);
			path = View;
			sourceTree = "<group>";
		};
		B17D35242A49D1C800591517 /* Managers */ = {
			isa = PBXGroup;
			children = (
				B1A4B24D2A4D82A7002F2E31 /* UserInfoManager */,
				B1A6D6222A4C9E32005D45F3 /* NetworkManager */,
				B17D35252A49D1D200591517 /* AuthManager */,
			);
			path = Managers;
			sourceTree = "<group>";
		};
		B17D35252A49D1D200591517 /* AuthManager */ = {
			isa = PBXGroup;
			children = (
				B17D35262A49D1DD00591517 /* AuthManager.swift */,
			);
			path = AuthManager;
			sourceTree = "<group>";
		};
		B17DC85B2A4B158A00572CF1 /* CustomViews */ = {
			isa = PBXGroup;
			children = (
				B17DC85C2A4B15DC00572CF1 /* CustomSignInWithGoogleButton.swift */,
			);
			path = CustomViews;
			sourceTree = "<group>";
		};
		B19C8E192A48B6F20085160E = {
			isa = PBXGroup;
			children = (
				B19C8E242A48B6F20085160E /* ECommerce */,
				B19C8E232A48B6F20085160E /* Products */,
			);
			sourceTree = "<group>";
		};
		B19C8E232A48B6F20085160E /* Products */ = {
			isa = PBXGroup;
			children = (
				B19C8E222A48B6F20085160E /* ECommerce.app */,
			);
			name = Products;
			sourceTree = "<group>";
		};
		B19C8E242A48B6F20085160E /* ECommerce */ = {
			isa = PBXGroup;
			children = (
				B19C8E392A48B7940085160E /* Core */,
				B19C8E3C2A48B8010085160E /* Config */,
				B19C8E3B2A48B7D60085160E /* Resources */,
				B174C4042A497BB10082ADDC /* Utilities */,
				B1AD60602A4A2B8500BD5094 /* Entities */,
				B17D35242A49D1C800591517 /* Managers */,
				B1A6D62E2A4CA684005D45F3 /* Services */,
				B19C8E3A2A48B7C20085160E /* Modules */,
			);
			path = ECommerce;
			sourceTree = "<group>";
		};
		B19C8E392A48B7940085160E /* Core */ = {
			isa = PBXGroup;
			children = (
				B19C8E252A48B6F20085160E /* AppDelegate.swift */,
				B19C8E272A48B6F20085160E /* SceneDelegate.swift */,
			);
			path = Core;
			sourceTree = "<group>";
		};
		B19C8E3A2A48B7C20085160E /* Modules */ = {
			isa = PBXGroup;
			children = (
				B1A4B2522A4DD237002F2E31 /* ProductDetail */,
				B1A9D31C2A4A16390033C3D2 /* SignUp */,
				B174C40D2A49AA0A0082ADDC /* Login */,
				B19C8E3E2A48B8200085160E /* Home */,
				B19C8E3D2A48B81A0085160E /* Onboarding */,
			);
			path = Modules;
			sourceTree = "<group>";
		};
		B19C8E3B2A48B7D60085160E /* Resources */ = {
			isa = PBXGroup;
			children = (
				B19C8E302A48B6F30085160E /* LaunchScreen.storyboard */,
				B19C8E2E2A48B6F30085160E /* Assets.xcassets */,
			);
			path = Resources;
			sourceTree = "<group>";
		};
		B19C8E3C2A48B8010085160E /* Config */ = {
			isa = PBXGroup;
			children = (
				B174C41A2A49BA470082ADDC /* GoogleService-Info.plist */,
				B19C8E332A48B6F30085160E /* Info.plist */,
			);
			path = Config;
			sourceTree = "<group>";
		};
		B19C8E3D2A48B81A0085160E /* Onboarding */ = {
			isa = PBXGroup;
			children = (
				B1CB66C72A48D003008FF752 /* Cell */,
				B174C4092A4983990082ADDC /* Base */,
			);
			path = Onboarding;
			sourceTree = "<group>";
		};
		B19C8E3E2A48B8200085160E /* Home */ = {
			isa = PBXGroup;
			children = (
				B1A6D6142A4C2667005D45F3 /* UIComponents */,
				B1A6D6132A4C2663005D45F3 /* Base */,
			);
			path = Home;
			sourceTree = "<group>";
		};
		B1A4B24A2A4D8092002F2E31 /* NavBarView */ = {
			isa = PBXGroup;
			children = (
				B1A6D6152A4C26BA005D45F3 /* CustomNavBarView.swift */,
				B1A4B24B2A4D80A6002F2E31 /* NavBarViewModel.swift */,
			);
			path = NavBarView;
			sourceTree = "<group>";
		};
		B1A4B24D2A4D82A7002F2E31 /* UserInfoManager */ = {
			isa = PBXGroup;
			children = (
				B1A4B24E2A4D82D0002F2E31 /* UserInfoManager.swift */,
			);
			path = UserInfoManager;
			sourceTree = "<group>";
		};
		B1A4B2522A4DD237002F2E31 /* ProductDetail */ = {
			isa = PBXGroup;
			children = (
				B1A4B25C2A4DD6E6002F2E31 /* UIComponents */,
				B1A4B25B2A4DD3DC002F2E31 /* Base */,
			);
			path = ProductDetail;
			sourceTree = "<group>";
		};
		B1A4B25B2A4DD3DC002F2E31 /* Base */ = {
			isa = PBXGroup;
			children = (
				B1A4B2592A4DD3D4002F2E31 /* ProductDetailViewController.swift */,
				B1A4B2572A4DD266002F2E31 /* ProductDetailPresenter.swift */,
				B1A4B2552A4DD25A002F2E31 /* ProductDetailInteractor.swift */,
				B1A4B2532A4DD252002F2E31 /* ProductDetailRouter.swift */,
			);
			path = Base;
			sourceTree = "<group>";
		};
		B1A4B25C2A4DD6E6002F2E31 /* UIComponents */ = {
			isa = PBXGroup;
			children = (
				B1A4B2622A4DF35F002F2E31 /* CustomViews */,
				B1A4B25D2A4DD6EF002F2E31 /* Cells */,
			);
			path = UIComponents;
			sourceTree = "<group>";
		};
		B1A4B25D2A4DD6EF002F2E31 /* Cells */ = {
			isa = PBXGroup;
			children = (
				B1A4B25E2A4DD736002F2E31 /* ProductDetailCell.swift */,
			);
			path = Cells;
			sourceTree = "<group>";
		};
		B1A4B2622A4DF35F002F2E31 /* CustomViews */ = {
			isa = PBXGroup;
			children = (
				B1A4B2632A4DF390002F2E31 /* AddBasketView.swift */,
			);
			path = CustomViews;
			sourceTree = "<group>";
		};
		B1A6D6132A4C2663005D45F3 /* Base */ = {
			isa = PBXGroup;
			children = (
				B1E7144A2A4AD08600552A8E /* HomeViewController.swift */,
				B1A6D60D2A4C2111005D45F3 /* HomeInteractor.swift */,
				B1A6D60F2A4C21B1005D45F3 /* HomePresenter.swift */,
				B1A6D6112A4C21E3005D45F3 /* HomeRouter.swift */,
			);
			path = Base;
			sourceTree = "<group>";
		};
		B1A6D6142A4C2667005D45F3 /* UIComponents */ = {
			isa = PBXGroup;
			children = (
				B1A6D6182A4C2E6D005D45F3 /* Cells */,
				B1A6D6172A4C2E60005D45F3 /* CustomViews */,
			);
			path = UIComponents;
			sourceTree = "<group>";
		};
		B1A6D6172A4C2E60005D45F3 /* CustomViews */ = {
			isa = PBXGroup;
			children = (
				B1A4B24A2A4D8092002F2E31 /* NavBarView */,
			);
			path = CustomViews;
			sourceTree = "<group>";
		};
		B1A6D6182A4C2E6D005D45F3 /* Cells */ = {
			isa = PBXGroup;
			children = (
				B1A6D61A2A4C3C8E005D45F3 /* CategoryTitleCell.swift */,
				B1A6D61E2A4C7269005D45F3 /* ProductCell.swift */,
			);
			path = Cells;
			sourceTree = "<group>";
		};
		B1A6D6192A4C2F03005D45F3 /* UIComponents */ = {
			isa = PBXGroup;
			children = (
				B174C4132A49AB750082ADDC /* View */,
				B17DC85B2A4B158A00572CF1 /* CustomViews */,
			);
			path = UIComponents;
			sourceTree = "<group>";
		};
		B1A6D6222A4C9E32005D45F3 /* NetworkManager */ = {
			isa = PBXGroup;
			children = (
				B1A6D6232A4C9E3E005D45F3 /* NetworkManager.swift */,
			);
			path = NetworkManager;
			sourceTree = "<group>";
		};
		B1A6D6292A4C9EFA005D45F3 /* Protocols */ = {
			isa = PBXGroup;
			children = (
				B1A6D62A2A4C9F0E005D45F3 /* EndpointProtocol.swift */,
			);
			path = Protocols;
			sourceTree = "<group>";
		};
		B1A6D62E2A4CA684005D45F3 /* Services */ = {
			isa = PBXGroup;
			children = (
				B1A6D6312A4CAA27005D45F3 /* FakeStoreAPIService */,
			);
			path = Services;
			sourceTree = "<group>";
		};
		B1A6D6302A4CA8BB005D45F3 /* Endpoint */ = {
			isa = PBXGroup;
			children = (
				B1A6D62C2A4CA3B9005D45F3 /* ProductsEndpoint.swift */,
			);
			path = Endpoint;
			sourceTree = "<group>";
		};
		B1A6D6312A4CAA27005D45F3 /* FakeStoreAPIService */ = {
			isa = PBXGroup;
			children = (
				B1A6D6302A4CA8BB005D45F3 /* Endpoint */,
				B1A6D6332A4CAAA2005D45F3 /* ProductsService.swift */,
			);
			path = FakeStoreAPIService;
			sourceTree = "<group>";
		};
		B1A6D6352A4CAC4B005D45F3 /* ResponseModels */ = {
			isa = PBXGroup;
			children = (
				B1A6D6362A4CAC6A005D45F3 /* ProductModel.swift */,
				B1B2A6672A4CC3B500979E18 /* Categories.swift */,
			);
			path = ResponseModels;
			sourceTree = "<group>";
		};
		B1A9D31C2A4A16390033C3D2 /* SignUp */ = {
			isa = PBXGroup;
			children = (
				B1A9D3222A4A16660033C3D2 /* View */,
				B1A9D3212A4A165D0033C3D2 /* Base */,
			);
			path = SignUp;
			sourceTree = "<group>";
		};
		B1A9D3212A4A165D0033C3D2 /* Base */ = {
			isa = PBXGroup;
			children = (
				B1A9D31D2A4A16520033C3D2 /* SignUpViewController.swift */,
				B1A9D3232A4A167B0033C3D2 /* SignUpPresenter.swift */,
				B1A9D3252A4A16810033C3D2 /* SignUpRouter.swift */,
				B1A9D3272A4A168B0033C3D2 /* SignUpInteractor.swift */,
			);
			path = Base;
			sourceTree = "<group>";
		};
		B1A9D3222A4A16660033C3D2 /* View */ = {
			isa = PBXGroup;
			children = (
				B1A9D31E2A4A16520033C3D2 /* SignUpView.xib */,
			);
			path = View;
			sourceTree = "<group>";
		};
		B1AD60602A4A2B8500BD5094 /* Entities */ = {
			isa = PBXGroup;
			children = (
				B1AD60622A4A2BBC00BD5094 /* Enums */,
				B1AD60612A4A2BB600BD5094 /* Models */,
			);
			path = Entities;
			sourceTree = "<group>";
		};
		B1AD60612A4A2BB600BD5094 /* Models */ = {
			isa = PBXGroup;
			children = (
				B1A6D6352A4CAC4B005D45F3 /* ResponseModels */,
			);
			path = Models;
			sourceTree = "<group>";
		};
		B1AD60622A4A2BBC00BD5094 /* Enums */ = {
			isa = PBXGroup;
			children = (
				B1AD60632A4A2C1E00BD5094 /* FirebaseError.swift */,
				B1E714482A4AC70E00552A8E /* GeneralError.swift */,
				B1A6D6252A4C9EA6005D45F3 /* NetworkError.swift */,
				B1A6D6272A4C9EC7005D45F3 /* HTTPMethods.swift */,
			);
			path = Enums;
			sourceTree = "<group>";
		};
		B1CB66C72A48D003008FF752 /* Cell */ = {
			isa = PBXGroup;
			children = (
				B174C4032A495FF80082ADDC /* OnboardCell */,
			);
			path = Cell;
			sourceTree = "<group>";
		};
/* End PBXGroup section */

/* Begin PBXNativeTarget section */
		B19C8E212A48B6F20085160E /* ECommerce */ = {
			isa = PBXNativeTarget;
			buildConfigurationList = B19C8E362A48B6F30085160E /* Build configuration list for PBXNativeTarget "ECommerce" */;
			buildPhases = (
				B19C8E1E2A48B6F20085160E /* Sources */,
				B19C8E1F2A48B6F20085160E /* Frameworks */,
				B19C8E202A48B6F20085160E /* Resources */,
			);
			buildRules = (
			);
			dependencies = (
			);
			name = ECommerce;
			packageProductDependencies = (
				B1D18BAA2A48CDA1003F0E4C /* SnapKit */,
				B174C41D2A49BF190082ADDC /* FirebaseAuth */,
				B174C41F2A49BF190082ADDC /* FirebaseDatabase */,
				B17D35222A49D07B00591517 /* IQKeyboardManagerSwift */,
				B1E714442A4ABFB800552A8E /* SPAlert */,
				B19BD1162A4AFE02002FBA48 /* GoogleSignIn */,
				B1A6D6392A4CBAA8005D45F3 /* SDWebImage */,
			);
			productName = ECommerce;
			productReference = B19C8E222A48B6F20085160E /* ECommerce.app */;
			productType = "com.apple.product-type.application";
		};
/* End PBXNativeTarget section */

/* Begin PBXProject section */
		B19C8E1A2A48B6F20085160E /* Project object */ = {
			isa = PBXProject;
			attributes = {
				BuildIndependentTargetsInParallel = 1;
				LastSwiftUpdateCheck = 1430;
				LastUpgradeCheck = 1430;
				TargetAttributes = {
					B19C8E212A48B6F20085160E = {
						CreatedOnToolsVersion = 14.3.1;
					};
				};
			};
			buildConfigurationList = B19C8E1D2A48B6F20085160E /* Build configuration list for PBXProject "ECommerce" */;
			compatibilityVersion = "Xcode 14.0";
			developmentRegion = en;
			hasScannedForEncodings = 0;
			knownRegions = (
				en,
				Base,
			);
			mainGroup = B19C8E192A48B6F20085160E;
			packageReferences = (
				B1D18BA92A48CDA1003F0E4C /* XCRemoteSwiftPackageReference "SnapKit" */,
				B174C41C2A49BF190082ADDC /* XCRemoteSwiftPackageReference "firebase-ios-sdk" */,
				B17D35212A49D07B00591517 /* XCRemoteSwiftPackageReference "IQKeyboardManager" */,
				B1E714432A4ABFB800552A8E /* XCRemoteSwiftPackageReference "SPAlert" */,
				B19BD1152A4AFE02002FBA48 /* XCRemoteSwiftPackageReference "GoogleSignIn-iOS" */,
				B1A6D6382A4CBAA8005D45F3 /* XCRemoteSwiftPackageReference "SDWebImage" */,
			);
			productRefGroup = B19C8E232A48B6F20085160E /* Products */;
			projectDirPath = "";
			projectRoot = "";
			targets = (
				B19C8E212A48B6F20085160E /* ECommerce */,
			);
		};
/* End PBXProject section */

/* Begin PBXResourcesBuildPhase section */
		B19C8E202A48B6F20085160E /* Resources */ = {
			isa = PBXResourcesBuildPhase;
			buildActionMask = 2147483647;
			files = (
				B1A9D3202A4A16520033C3D2 /* SignUpView.xib in Resources */,
				B19C8E322A48B6F30085160E /* LaunchScreen.storyboard in Resources */,
				B174C41B2A49BA470082ADDC /* GoogleService-Info.plist in Resources */,
				B19C8E2F2A48B6F30085160E /* Assets.xcassets in Resources */,
				B174C4112A49AB4B0082ADDC /* LoginView.xib in Resources */,
			);
			runOnlyForDeploymentPostprocessing = 0;
		};
/* End PBXResourcesBuildPhase section */

/* Begin PBXSourcesBuildPhase section */
		B19C8E1E2A48B6F20085160E /* Sources */ = {
			isa = PBXSourcesBuildPhase;
			buildActionMask = 2147483647;
			files = (
				B19C8E262A48B6F20085160E /* AppDelegate.swift in Sources */,
				B17DC85D2A4B15DC00572CF1 /* CustomSignInWithGoogleButton.swift in Sources */,
				B17D35272A49D1DD00591517 /* AuthManager.swift in Sources */,
				B1A6D60E2A4C2111005D45F3 /* HomeInteractor.swift in Sources */,
				B1CB66C92A48D035008FF752 /* OnboardCell.swift in Sources */,
				B1A6D6162A4C26BA005D45F3 /* CustomNavBarView.swift in Sources */,
				B1A4B2542A4DD252002F2E31 /* ProductDetailRouter.swift in Sources */,
				B1A4B2562A4DD25A002F2E31 /* ProductDetailInteractor.swift in Sources */,
				B1A6D6212A4C740F005D45F3 /* VerticalStackView.swift in Sources */,
				B1D18BA42A48BD85003F0E4C /* OnboardingRouter.swift in Sources */,
				B1A4B2582A4DD266002F2E31 /* ProductDetailPresenter.swift in Sources */,
				B1AD60642A4A2C1E00BD5094 /* FirebaseError.swift in Sources */,
				B1A4B2642A4DF390002F2E31 /* AddBasketView.swift in Sources */,
				B1A6D6372A4CAC6A005D45F3 /* ProductModel.swift in Sources */,
				B1A6D6262A4C9EA6005D45F3 /* NetworkError.swift in Sources */,
				B1E714492A4AC70E00552A8E /* GeneralError.swift in Sources */,
				B1A4B25A2A4DD3D4002F2E31 /* ProductDetailViewController.swift in Sources */,
				B1D18BA62A48BD92003F0E4C /* OnboardingPresenter.swift in Sources */,
				B1B2A6682A4CC3B500979E18 /* Categories.swift in Sources */,
				B1A6D61D2A4C6C60005D45F3 /* UIScreenBounds.swift in Sources */,
				B1E7144B2A4AD08600552A8E /* HomeViewController.swift in Sources */,
				B1A6D62D2A4CA3B9005D45F3 /* ProductsEndpoint.swift in Sources */,
				B174C4082A497BCF0082ADDC /* SnappingLayout.swift in Sources */,
				B1A9D3262A4A16810033C3D2 /* SignUpRouter.swift in Sources */,
				B1E714472A4ABFD700552A8E /* UIViewController+Extension.swift in Sources */,
				B1A6D6342A4CAAA2005D45F3 /* ProductsService.swift in Sources */,
				B1A6D61B2A4C3C8E005D45F3 /* CategoryTitleCell.swift in Sources */,
				B1A4B2512A4D9C29002F2E31 /* String+Extension.swift in Sources */,
				B1A6D6102A4C21B1005D45F3 /* HomePresenter.swift in Sources */,
				B1A4B24F2A4D82D0002F2E31 /* UserInfoManager.swift in Sources */,
				B19C8E402A48B83D0085160E /* OnboardingViewController.swift in Sources */,
				B19C8E282A48B6F20085160E /* SceneDelegate.swift in Sources */,
				B1A6D6242A4C9E3E005D45F3 /* NetworkManager.swift in Sources */,
				B174C4022A495F7A0082ADDC /* OnboardCellViewModel.swift in Sources */,
				B1A9D31F2A4A16520033C3D2 /* SignUpViewController.swift in Sources */,
				B174C4192A49AB9A0082ADDC /* LoginPresenter.swift in Sources */,
				B1A6D6122A4C21E3005D45F3 /* HomeRouter.swift in Sources */,
				B174C4172A49AB930082ADDC /* LoginInteractor.swift in Sources */,
				B1A4B25F2A4DD736002F2E31 /* ProductDetailCell.swift in Sources */,
				B1A6D62B2A4C9F0E005D45F3 /* EndpointProtocol.swift in Sources */,
				B174C4152A49AB8C0082ADDC /* LoginRouter.swift in Sources */,
				B174C4102A49AB4B0082ADDC /* LoginViewController.swift in Sources */,
				B1A9D3242A4A167B0033C3D2 /* SignUpPresenter.swift in Sources */,
				B18911792A4EC9AE00913F83 /* PaddingLabel.swift in Sources */,
				B1A6D6282A4C9EC7005D45F3 /* HTTPMethods.swift in Sources */,
				B1A6D61F2A4C7269005D45F3 /* ProductCell.swift in Sources */,
				B1A9D3282A4A168B0033C3D2 /* SignUpInteractor.swift in Sources */,
				B1A4B24C2A4D80A6002F2E31 /* NavBarViewModel.swift in Sources */,
				B1D18BA82A48BD9F003F0E4C /* OnboardingInteractor.swift in Sources */,
			);
			runOnlyForDeploymentPostprocessing = 0;
		};
/* End PBXSourcesBuildPhase section */

/* Begin PBXVariantGroup section */
		B19C8E302A48B6F30085160E /* LaunchScreen.storyboard */ = {
			isa = PBXVariantGroup;
			children = (
				B19C8E312A48B6F30085160E /* Base */,
			);
			name = LaunchScreen.storyboard;
			sourceTree = "<group>";
		};
/* End PBXVariantGroup section */

/* Begin XCBuildConfiguration section */
		B19C8E342A48B6F30085160E /* Debug */ = {
			isa = XCBuildConfiguration;
			buildSettings = {
				ALWAYS_SEARCH_USER_PATHS = NO;
				CLANG_ANALYZER_NONNULL = YES;
				CLANG_ANALYZER_NUMBER_OBJECT_CONVERSION = YES_AGGRESSIVE;
				CLANG_CXX_LANGUAGE_STANDARD = "gnu++20";
				CLANG_ENABLE_MODULES = YES;
				CLANG_ENABLE_OBJC_ARC = YES;
				CLANG_ENABLE_OBJC_WEAK = YES;
				CLANG_WARN_BLOCK_CAPTURE_AUTORELEASING = YES;
				CLANG_WARN_BOOL_CONVERSION = YES;
				CLANG_WARN_COMMA = YES;
				CLANG_WARN_CONSTANT_CONVERSION = YES;
				CLANG_WARN_DEPRECATED_OBJC_IMPLEMENTATIONS = YES;
				CLANG_WARN_DIRECT_OBJC_ISA_USAGE = YES_ERROR;
				CLANG_WARN_DOCUMENTATION_COMMENTS = YES;
				CLANG_WARN_EMPTY_BODY = YES;
				CLANG_WARN_ENUM_CONVERSION = YES;
				CLANG_WARN_INFINITE_RECURSION = YES;
				CLANG_WARN_INT_CONVERSION = YES;
				CLANG_WARN_NON_LITERAL_NULL_CONVERSION = YES;
				CLANG_WARN_OBJC_IMPLICIT_RETAIN_SELF = YES;
				CLANG_WARN_OBJC_LITERAL_CONVERSION = YES;
				CLANG_WARN_OBJC_ROOT_CLASS = YES_ERROR;
				CLANG_WARN_QUOTED_INCLUDE_IN_FRAMEWORK_HEADER = YES;
				CLANG_WARN_RANGE_LOOP_ANALYSIS = YES;
				CLANG_WARN_STRICT_PROTOTYPES = YES;
				CLANG_WARN_SUSPICIOUS_MOVE = YES;
				CLANG_WARN_UNGUARDED_AVAILABILITY = YES_AGGRESSIVE;
				CLANG_WARN_UNREACHABLE_CODE = YES;
				CLANG_WARN__DUPLICATE_METHOD_MATCH = YES;
				COPY_PHASE_STRIP = NO;
				DEBUG_INFORMATION_FORMAT = dwarf;
				ENABLE_STRICT_OBJC_MSGSEND = YES;
				ENABLE_TESTABILITY = YES;
				GCC_C_LANGUAGE_STANDARD = gnu11;
				GCC_DYNAMIC_NO_PIC = NO;
				GCC_NO_COMMON_BLOCKS = YES;
				GCC_OPTIMIZATION_LEVEL = 0;
				GCC_PREPROCESSOR_DEFINITIONS = (
					"DEBUG=1",
					"$(inherited)",
				);
				GCC_WARN_64_TO_32_BIT_CONVERSION = YES;
				GCC_WARN_ABOUT_RETURN_TYPE = YES_ERROR;
				GCC_WARN_UNDECLARED_SELECTOR = YES;
				GCC_WARN_UNINITIALIZED_AUTOS = YES_AGGRESSIVE;
				GCC_WARN_UNUSED_FUNCTION = YES;
				GCC_WARN_UNUSED_VARIABLE = YES;
				IPHONEOS_DEPLOYMENT_TARGET = 16.4;
				MTL_ENABLE_DEBUG_INFO = INCLUDE_SOURCE;
				MTL_FAST_MATH = YES;
				ONLY_ACTIVE_ARCH = YES;
				SDKROOT = iphoneos;
				SWIFT_ACTIVE_COMPILATION_CONDITIONS = DEBUG;
				SWIFT_OPTIMIZATION_LEVEL = "-Onone";
			};
			name = Debug;
		};
		B19C8E352A48B6F30085160E /* Release */ = {
			isa = XCBuildConfiguration;
			buildSettings = {
				ALWAYS_SEARCH_USER_PATHS = NO;
				CLANG_ANALYZER_NONNULL = YES;
				CLANG_ANALYZER_NUMBER_OBJECT_CONVERSION = YES_AGGRESSIVE;
				CLANG_CXX_LANGUAGE_STANDARD = "gnu++20";
				CLANG_ENABLE_MODULES = YES;
				CLANG_ENABLE_OBJC_ARC = YES;
				CLANG_ENABLE_OBJC_WEAK = YES;
				CLANG_WARN_BLOCK_CAPTURE_AUTORELEASING = YES;
				CLANG_WARN_BOOL_CONVERSION = YES;
				CLANG_WARN_COMMA = YES;
				CLANG_WARN_CONSTANT_CONVERSION = YES;
				CLANG_WARN_DEPRECATED_OBJC_IMPLEMENTATIONS = YES;
				CLANG_WARN_DIRECT_OBJC_ISA_USAGE = YES_ERROR;
				CLANG_WARN_DOCUMENTATION_COMMENTS = YES;
				CLANG_WARN_EMPTY_BODY = YES;
				CLANG_WARN_ENUM_CONVERSION = YES;
				CLANG_WARN_INFINITE_RECURSION = YES;
				CLANG_WARN_INT_CONVERSION = YES;
				CLANG_WARN_NON_LITERAL_NULL_CONVERSION = YES;
				CLANG_WARN_OBJC_IMPLICIT_RETAIN_SELF = YES;
				CLANG_WARN_OBJC_LITERAL_CONVERSION = YES;
				CLANG_WARN_OBJC_ROOT_CLASS = YES_ERROR;
				CLANG_WARN_QUOTED_INCLUDE_IN_FRAMEWORK_HEADER = YES;
				CLANG_WARN_RANGE_LOOP_ANALYSIS = YES;
				CLANG_WARN_STRICT_PROTOTYPES = YES;
				CLANG_WARN_SUSPICIOUS_MOVE = YES;
				CLANG_WARN_UNGUARDED_AVAILABILITY = YES_AGGRESSIVE;
				CLANG_WARN_UNREACHABLE_CODE = YES;
				CLANG_WARN__DUPLICATE_METHOD_MATCH = YES;
				COPY_PHASE_STRIP = NO;
				DEBUG_INFORMATION_FORMAT = "dwarf-with-dsym";
				ENABLE_NS_ASSERTIONS = NO;
				ENABLE_STRICT_OBJC_MSGSEND = YES;
				GCC_C_LANGUAGE_STANDARD = gnu11;
				GCC_NO_COMMON_BLOCKS = YES;
				GCC_WARN_64_TO_32_BIT_CONVERSION = YES;
				GCC_WARN_ABOUT_RETURN_TYPE = YES_ERROR;
				GCC_WARN_UNDECLARED_SELECTOR = YES;
				GCC_WARN_UNINITIALIZED_AUTOS = YES_AGGRESSIVE;
				GCC_WARN_UNUSED_FUNCTION = YES;
				GCC_WARN_UNUSED_VARIABLE = YES;
				IPHONEOS_DEPLOYMENT_TARGET = 16.4;
				MTL_ENABLE_DEBUG_INFO = NO;
				MTL_FAST_MATH = YES;
				SDKROOT = iphoneos;
				SWIFT_COMPILATION_MODE = wholemodule;
				SWIFT_OPTIMIZATION_LEVEL = "-O";
				VALIDATE_PRODUCT = YES;
			};
			name = Release;
		};
		B19C8E372A48B6F30085160E /* Debug */ = {
			isa = XCBuildConfiguration;
			buildSettings = {
				ASSETCATALOG_COMPILER_APPICON_NAME = AppIcon;
				ASSETCATALOG_COMPILER_GLOBAL_ACCENT_COLOR_NAME = AccentColor;
				CODE_SIGN_STYLE = Automatic;
				CURRENT_PROJECT_VERSION = 1;
				DEVELOPMENT_TEAM = QQ4V82589Y;
				GENERATE_INFOPLIST_FILE = YES;
				INFOPLIST_FILE = ECommerce/Config/Info.plist;
				INFOPLIST_KEY_UIApplicationSupportsIndirectInputEvents = YES;
				INFOPLIST_KEY_UILaunchStoryboardName = LaunchScreen;
				INFOPLIST_KEY_UISupportedInterfaceOrientations = UIInterfaceOrientationPortrait;
				IPHONEOS_DEPLOYMENT_TARGET = 14.0;
				LD_RUNPATH_SEARCH_PATHS = (
					"$(inherited)",
					"@executable_path/Frameworks",
				);
				MARKETING_VERSION = 1.0;
				PRODUCT_BUNDLE_IDENTIFIER = com.berkaysancar.ECommerce;
				PRODUCT_NAME = "$(TARGET_NAME)";
				SUPPORTED_PLATFORMS = "iphoneos iphonesimulator";
				SUPPORTS_MACCATALYST = NO;
				SUPPORTS_MAC_DESIGNED_FOR_IPHONE_IPAD = NO;
				SWIFT_EMIT_LOC_STRINGS = YES;
				SWIFT_VERSION = 5.0;
				TARGETED_DEVICE_FAMILY = "1,2";
			};
			name = Debug;
		};
		B19C8E382A48B6F30085160E /* Release */ = {
			isa = XCBuildConfiguration;
			buildSettings = {
				ASSETCATALOG_COMPILER_APPICON_NAME = AppIcon;
				ASSETCATALOG_COMPILER_GLOBAL_ACCENT_COLOR_NAME = AccentColor;
				CODE_SIGN_STYLE = Automatic;
				CURRENT_PROJECT_VERSION = 1;
				DEVELOPMENT_TEAM = QQ4V82589Y;
				GENERATE_INFOPLIST_FILE = YES;
				INFOPLIST_FILE = ECommerce/Config/Info.plist;
				INFOPLIST_KEY_UIApplicationSupportsIndirectInputEvents = YES;
				INFOPLIST_KEY_UILaunchStoryboardName = LaunchScreen;
				INFOPLIST_KEY_UISupportedInterfaceOrientations = UIInterfaceOrientationPortrait;
				IPHONEOS_DEPLOYMENT_TARGET = 14.0;
				LD_RUNPATH_SEARCH_PATHS = (
					"$(inherited)",
					"@executable_path/Frameworks",
				);
				MARKETING_VERSION = 1.0;
				PRODUCT_BUNDLE_IDENTIFIER = com.berkaysancar.ECommerce;
				PRODUCT_NAME = "$(TARGET_NAME)";
				SUPPORTED_PLATFORMS = "iphoneos iphonesimulator";
				SUPPORTS_MACCATALYST = NO;
				SUPPORTS_MAC_DESIGNED_FOR_IPHONE_IPAD = NO;
				SWIFT_EMIT_LOC_STRINGS = YES;
				SWIFT_VERSION = 5.0;
				TARGETED_DEVICE_FAMILY = "1,2";
			};
			name = Release;
		};
/* End XCBuildConfiguration section */

/* Begin XCConfigurationList section */
		B19C8E1D2A48B6F20085160E /* Build configuration list for PBXProject "ECommerce" */ = {
			isa = XCConfigurationList;
			buildConfigurations = (
				B19C8E342A48B6F30085160E /* Debug */,
				B19C8E352A48B6F30085160E /* Release */,
			);
			defaultConfigurationIsVisible = 0;
			defaultConfigurationName = Release;
		};
		B19C8E362A48B6F30085160E /* Build configuration list for PBXNativeTarget "ECommerce" */ = {
			isa = XCConfigurationList;
			buildConfigurations = (
				B19C8E372A48B6F30085160E /* Debug */,
				B19C8E382A48B6F30085160E /* Release */,
			);
			defaultConfigurationIsVisible = 0;
			defaultConfigurationName = Release;
		};
/* End XCConfigurationList section */

/* Begin XCRemoteSwiftPackageReference section */
		B174C41C2A49BF190082ADDC /* XCRemoteSwiftPackageReference "firebase-ios-sdk" */ = {
			isa = XCRemoteSwiftPackageReference;
			repositoryURL = "https://github.com/firebase/firebase-ios-sdk";
			requirement = {
				kind = upToNextMajorVersion;
				minimumVersion = 10.0.0;
			};
		};
		B17D35212A49D07B00591517 /* XCRemoteSwiftPackageReference "IQKeyboardManager" */ = {
			isa = XCRemoteSwiftPackageReference;
			repositoryURL = "https://github.com/hackiftekhar/IQKeyboardManager.git";
			requirement = {
				kind = upToNextMajorVersion;
				minimumVersion = 6.0.0;
			};
		};
		B19BD1152A4AFE02002FBA48 /* XCRemoteSwiftPackageReference "GoogleSignIn-iOS" */ = {
			isa = XCRemoteSwiftPackageReference;
			repositoryURL = "https://github.com/google/GoogleSignIn-iOS";
			requirement = {
				kind = upToNextMajorVersion;
				minimumVersion = 7.0.0;
			};
		};
		B1A6D6382A4CBAA8005D45F3 /* XCRemoteSwiftPackageReference "SDWebImage" */ = {
			isa = XCRemoteSwiftPackageReference;
			repositoryURL = "https://github.com/SDWebImage/SDWebImage";
			requirement = {
				kind = upToNextMajorVersion;
				minimumVersion = 5.0.0;
			};
		};
		B1D18BA92A48CDA1003F0E4C /* XCRemoteSwiftPackageReference "SnapKit" */ = {
			isa = XCRemoteSwiftPackageReference;
			repositoryURL = "https://github.com/SnapKit/SnapKit.git";
			requirement = {
				kind = upToNextMajorVersion;
				minimumVersion = 5.0.1;
			};
		};
		B1E714432A4ABFB800552A8E /* XCRemoteSwiftPackageReference "SPAlert" */ = {
			isa = XCRemoteSwiftPackageReference;
			repositoryURL = "https://github.com/ivanvorobei/SPAlert";
			requirement = {
				kind = upToNextMajorVersion;
				minimumVersion = 4.0.0;
			};
		};
/* End XCRemoteSwiftPackageReference section */

/* Begin XCSwiftPackageProductDependency section */
		B174C41D2A49BF190082ADDC /* FirebaseAuth */ = {
			isa = XCSwiftPackageProductDependency;
			package = B174C41C2A49BF190082ADDC /* XCRemoteSwiftPackageReference "firebase-ios-sdk" */;
			productName = FirebaseAuth;
		};
		B174C41F2A49BF190082ADDC /* FirebaseDatabase */ = {
			isa = XCSwiftPackageProductDependency;
			package = B174C41C2A49BF190082ADDC /* XCRemoteSwiftPackageReference "firebase-ios-sdk" */;
			productName = FirebaseDatabase;
		};
		B17D35222A49D07B00591517 /* IQKeyboardManagerSwift */ = {
			isa = XCSwiftPackageProductDependency;
			package = B17D35212A49D07B00591517 /* XCRemoteSwiftPackageReference "IQKeyboardManager" */;
			productName = IQKeyboardManagerSwift;
		};
		B19BD1162A4AFE02002FBA48 /* GoogleSignIn */ = {
			isa = XCSwiftPackageProductDependency;
			package = B19BD1152A4AFE02002FBA48 /* XCRemoteSwiftPackageReference "GoogleSignIn-iOS" */;
			productName = GoogleSignIn;
		};
		B1A6D6392A4CBAA8005D45F3 /* SDWebImage */ = {
			isa = XCSwiftPackageProductDependency;
			package = B1A6D6382A4CBAA8005D45F3 /* XCRemoteSwiftPackageReference "SDWebImage" */;
			productName = SDWebImage;
		};
		B1D18BAA2A48CDA1003F0E4C /* SnapKit */ = {
			isa = XCSwiftPackageProductDependency;
			package = B1D18BA92A48CDA1003F0E4C /* XCRemoteSwiftPackageReference "SnapKit" */;
			productName = SnapKit;
		};
		B1E714442A4ABFB800552A8E /* SPAlert */ = {
			isa = XCSwiftPackageProductDependency;
			package = B1E714432A4ABFB800552A8E /* XCRemoteSwiftPackageReference "SPAlert" */;
			productName = SPAlert;
		};
/* End XCSwiftPackageProductDependency section */
	};
	rootObject = B19C8E1A2A48B6F20085160E /* Project object */;
}
