// !$*UTF8*$!
{
	archiveVersion = 1;
	classes = {
	};
	objectVersion = 56;
	objects = {

/* Begin PBXBuildFile section */
		B174C4022A495F7A0082ADDC /* OnboardCellViewModel.swift in Sources */ = {isa = PBXBuildFile; fileRef = B174C4012A495F7A0082ADDC /* OnboardCellViewModel.swift */; };
		B174C4082A497BCF0082ADDC /* SnappingLayout.swift in Sources */ = {isa = PBXBuildFile; fileRef = B174C4072A497BCF0082ADDC /* SnappingLayout.swift */; };
		B174C4102A49AB4B0082ADDC /* LoginViewController.swift in Sources */ = {isa = PBXBuildFile; fileRef = B174C40E2A49AB4B0082ADDC /* LoginViewController.swift */; };
		B174C4112A49AB4B0082ADDC /* LoginView.xib in Resources */ = {isa = PBXBuildFile; fileRef = B174C40F2A49AB4B0082ADDC /* LoginView.xib */; };
		B174C4152A49AB8C0082ADDC /* LoginRouter.swift in Sources */ = {isa = PBXBuildFile; fileRef = B174C4142A49AB8C0082ADDC /* LoginRouter.swift */; };
		B174C4172A49AB930082ADDC /* LoginInteractor.swift in Sources */ = {isa = PBXBuildFile; fileRef = B174C4162A49AB930082ADDC /* LoginInteractor.swift */; };
		B174C4192A49AB9A0082ADDC /* LoginPresenter.swift in Sources */ = {isa = PBXBuildFile; fileRef = B174C4182A49AB9A0082ADDC /* LoginPresenter.swift */; };
		B174C41B2A49BA470082ADDC /* GoogleService-Info.plist in Resources */ = {isa = PBXBuildFile; fileRef = B174C41A2A49BA470082ADDC /* GoogleService-Info.plist */; };
		B174C41E2A49BF190082ADDC /* FirebaseAuth in Frameworks */ = {isa = PBXBuildFile; productRef = B174C41D2A49BF190082ADDC /* FirebaseAuth */; };
		B174C4202A49BF190082ADDC /* FirebaseDatabase in Frameworks */ = {isa = PBXBuildFile; productRef = B174C41F2A49BF190082ADDC /* FirebaseDatabase */; };
		B17D35232A49D07B00591517 /* IQKeyboardManagerSwift in Frameworks */ = {isa = PBXBuildFile; productRef = B17D35222A49D07B00591517 /* IQKeyboardManagerSwift */; };
		B17D35272A49D1DD00591517 /* AuthManager.swift in Sources */ = {isa = PBXBuildFile; fileRef = B17D35262A49D1DD00591517 /* AuthManager.swift */; };
		B19C8E262A48B6F20085160E /* AppDelegate.swift in Sources */ = {isa = PBXBuildFile; fileRef = B19C8E252A48B6F20085160E /* AppDelegate.swift */; };
		B19C8E282A48B6F20085160E /* SceneDelegate.swift in Sources */ = {isa = PBXBuildFile; fileRef = B19C8E272A48B6F20085160E /* SceneDelegate.swift */; };
		B19C8E2F2A48B6F30085160E /* Assets.xcassets in Resources */ = {isa = PBXBuildFile; fileRef = B19C8E2E2A48B6F30085160E /* Assets.xcassets */; };
		B19C8E322A48B6F30085160E /* LaunchScreen.storyboard in Resources */ = {isa = PBXBuildFile; fileRef = B19C8E302A48B6F30085160E /* LaunchScreen.storyboard */; };
		B19C8E402A48B83D0085160E /* OnboardingViewController.swift in Sources */ = {isa = PBXBuildFile; fileRef = B19C8E3F2A48B83D0085160E /* OnboardingViewController.swift */; };
		B1CB66C92A48D035008FF752 /* OnboardCell.swift in Sources */ = {isa = PBXBuildFile; fileRef = B1CB66C82A48D035008FF752 /* OnboardCell.swift */; };
		B1D18BA42A48BD85003F0E4C /* OnboardingRouter.swift in Sources */ = {isa = PBXBuildFile; fileRef = B1D18BA32A48BD85003F0E4C /* OnboardingRouter.swift */; };
		B1D18BA62A48BD92003F0E4C /* OnboardingPresenter.swift in Sources */ = {isa = PBXBuildFile; fileRef = B1D18BA52A48BD92003F0E4C /* OnboardingPresenter.swift */; };
		B1D18BA82A48BD9F003F0E4C /* OnboardingInteractor.swift in Sources */ = {isa = PBXBuildFile; fileRef = B1D18BA72A48BD9F003F0E4C /* OnboardingInteractor.swift */; };
		B1D18BAB2A48CDA1003F0E4C /* SnapKit in Frameworks */ = {isa = PBXBuildFile; productRef = B1D18BAA2A48CDA1003F0E4C /* SnapKit */; };
/* End PBXBuildFile section */

/* Begin PBXFileReference section */
		B174C4012A495F7A0082ADDC /* OnboardCellViewModel.swift */ = {isa = PBXFileReference; lastKnownFileType = sourcecode.swift; path = OnboardCellViewModel.swift; sourceTree = "<group>"; };
		B174C4072A497BCF0082ADDC /* SnappingLayout.swift */ = {isa = PBXFileReference; lastKnownFileType = sourcecode.swift; path = SnappingLayout.swift; sourceTree = "<group>"; };
		B174C40E2A49AB4B0082ADDC /* LoginViewController.swift */ = {isa = PBXFileReference; lastKnownFileType = sourcecode.swift; path = LoginViewController.swift; sourceTree = "<group>"; };
		B174C40F2A49AB4B0082ADDC /* LoginView.xib */ = {isa = PBXFileReference; lastKnownFileType = file.xib; path = LoginView.xib; sourceTree = "<group>"; };
		B174C4142A49AB8C0082ADDC /* LoginRouter.swift */ = {isa = PBXFileReference; lastKnownFileType = sourcecode.swift; path = LoginRouter.swift; sourceTree = "<group>"; };
		B174C4162A49AB930082ADDC /* LoginInteractor.swift */ = {isa = PBXFileReference; lastKnownFileType = sourcecode.swift; path = LoginInteractor.swift; sourceTree = "<group>"; };
		B174C4182A49AB9A0082ADDC /* LoginPresenter.swift */ = {isa = PBXFileReference; lastKnownFileType = sourcecode.swift; path = LoginPresenter.swift; sourceTree = "<group>"; };
		B174C41A2A49BA470082ADDC /* GoogleService-Info.plist */ = {isa = PBXFileReference; fileEncoding = 4; lastKnownFileType = text.plist.xml; path = "GoogleService-Info.plist"; sourceTree = "<group>"; };
		B17D35262A49D1DD00591517 /* AuthManager.swift */ = {isa = PBXFileReference; lastKnownFileType = sourcecode.swift; path = AuthManager.swift; sourceTree = "<group>"; };
		B19C8E222A48B6F20085160E /* ECommerce.app */ = {isa = PBXFileReference; explicitFileType = wrapper.application; includeInIndex = 0; path = ECommerce.app; sourceTree = BUILT_PRODUCTS_DIR; };
		B19C8E252A48B6F20085160E /* AppDelegate.swift */ = {isa = PBXFileReference; lastKnownFileType = sourcecode.swift; path = AppDelegate.swift; sourceTree = "<group>"; };
		B19C8E272A48B6F20085160E /* SceneDelegate.swift */ = {isa = PBXFileReference; lastKnownFileType = sourcecode.swift; path = SceneDelegate.swift; sourceTree = "<group>"; };
		B19C8E2E2A48B6F30085160E /* Assets.xcassets */ = {isa = PBXFileReference; lastKnownFileType = folder.assetcatalog; path = Assets.xcassets; sourceTree = "<group>"; };
		B19C8E312A48B6F30085160E /* Base */ = {isa = PBXFileReference; lastKnownFileType = file.storyboard; name = Base; path = Base.lproj/LaunchScreen.storyboard; sourceTree = "<group>"; };
		B19C8E332A48B6F30085160E /* Info.plist */ = {isa = PBXFileReference; lastKnownFileType = text.plist.xml; path = Info.plist; sourceTree = "<group>"; };
		B19C8E3F2A48B83D0085160E /* OnboardingViewController.swift */ = {isa = PBXFileReference; lastKnownFileType = sourcecode.swift; path = OnboardingViewController.swift; sourceTree = "<group>"; };
		B1CB66C82A48D035008FF752 /* OnboardCell.swift */ = {isa = PBXFileReference; lastKnownFileType = sourcecode.swift; path = OnboardCell.swift; sourceTree = "<group>"; };
		B1D18BA32A48BD85003F0E4C /* OnboardingRouter.swift */ = {isa = PBXFileReference; lastKnownFileType = sourcecode.swift; path = OnboardingRouter.swift; sourceTree = "<group>"; };
		B1D18BA52A48BD92003F0E4C /* OnboardingPresenter.swift */ = {isa = PBXFileReference; lastKnownFileType = sourcecode.swift; path = OnboardingPresenter.swift; sourceTree = "<group>"; };
		B1D18BA72A48BD9F003F0E4C /* OnboardingInteractor.swift */ = {isa = PBXFileReference; lastKnownFileType = sourcecode.swift; path = OnboardingInteractor.swift; sourceTree = "<group>"; };
/* End PBXFileReference section */

/* Begin PBXFrameworksBuildPhase section */
		B19C8E1F2A48B6F20085160E /* Frameworks */ = {
			isa = PBXFrameworksBuildPhase;
			buildActionMask = 2147483647;
			files = (
				B174C4202A49BF190082ADDC /* FirebaseDatabase in Frameworks */,
				B17D35232A49D07B00591517 /* IQKeyboardManagerSwift in Frameworks */,
				B1D18BAB2A48CDA1003F0E4C /* SnapKit in Frameworks */,
				B174C41E2A49BF190082ADDC /* FirebaseAuth in Frameworks */,
			);
			runOnlyForDeploymentPostprocessing = 0;
		};
/* End PBXFrameworksBuildPhase section */

/* Begin PBXGroup section */
		B174C4032A495FF80082ADDC /* OnboardCell */ = {
			isa = PBXGroup;
			children = (
				B1CB66C82A48D035008FF752 /* OnboardCell.swift */,
				B174C4012A495F7A0082ADDC /* OnboardCellViewModel.swift */,
			);
			path = OnboardCell;
			sourceTree = "<group>";
		};
		B174C4042A497BB10082ADDC /* Utilities */ = {
			isa = PBXGroup;
			children = (
				B174C4062A497BC00082ADDC /* Helpers */,
				B174C4052A497BBA0082ADDC /* Extensions */,
			);
			path = Utilities;
			sourceTree = "<group>";
		};
		B174C4052A497BBA0082ADDC /* Extensions */ = {
			isa = PBXGroup;
			children = (
			);
			path = Extensions;
			sourceTree = "<group>";
		};
		B174C4062A497BC00082ADDC /* Helpers */ = {
			isa = PBXGroup;
			children = (
				B174C4072A497BCF0082ADDC /* SnappingLayout.swift */,
			);
			path = Helpers;
			sourceTree = "<group>";
		};
		B174C4092A4983990082ADDC /* Base */ = {
			isa = PBXGroup;
			children = (
				B1D18BA72A48BD9F003F0E4C /* OnboardingInteractor.swift */,
				B1D18BA52A48BD92003F0E4C /* OnboardingPresenter.swift */,
				B1D18BA32A48BD85003F0E4C /* OnboardingRouter.swift */,
				B19C8E3F2A48B83D0085160E /* OnboardingViewController.swift */,
			);
			path = Base;
			sourceTree = "<group>";
		};
		B174C40D2A49AA0A0082ADDC /* Login */ = {
			isa = PBXGroup;
			children = (
				B174C4132A49AB750082ADDC /* View */,
				B174C4122A49AB660082ADDC /* Base */,
			);
			path = Login;
			sourceTree = "<group>";
		};
		B174C4122A49AB660082ADDC /* Base */ = {
			isa = PBXGroup;
			children = (
				B174C40E2A49AB4B0082ADDC /* LoginViewController.swift */,
				B174C4182A49AB9A0082ADDC /* LoginPresenter.swift */,
				B174C4142A49AB8C0082ADDC /* LoginRouter.swift */,
				B174C4162A49AB930082ADDC /* LoginInteractor.swift */,
			);
			path = Base;
			sourceTree = "<group>";
		};
		B174C4132A49AB750082ADDC /* View */ = {
			isa = PBXGroup;
			children = (
				B174C40F2A49AB4B0082ADDC /* LoginView.xib */,
			);
			path = View;
			sourceTree = "<group>";
		};
		B17D35242A49D1C800591517 /* Managers */ = {
			isa = PBXGroup;
			children = (
				B17D35252A49D1D200591517 /* AuthManager */,
			);
			path = Managers;
			sourceTree = "<group>";
		};
		B17D35252A49D1D200591517 /* AuthManager */ = {
			isa = PBXGroup;
			children = (
				B17D35262A49D1DD00591517 /* AuthManager.swift */,
			);
			path = AuthManager;
			sourceTree = "<group>";
		};
		B19C8E192A48B6F20085160E = {
			isa = PBXGroup;
			children = (
				B19C8E242A48B6F20085160E /* ECommerce */,
				B19C8E232A48B6F20085160E /* Products */,
			);
			sourceTree = "<group>";
		};
		B19C8E232A48B6F20085160E /* Products */ = {
			isa = PBXGroup;
			children = (
				B19C8E222A48B6F20085160E /* ECommerce.app */,
			);
			name = Products;
			sourceTree = "<group>";
		};
		B19C8E242A48B6F20085160E /* ECommerce */ = {
			isa = PBXGroup;
			children = (
				B174C4042A497BB10082ADDC /* Utilities */,
				B19C8E392A48B7940085160E /* Core */,
				B19C8E3C2A48B8010085160E /* Config */,
				B19C8E3B2A48B7D60085160E /* Resources */,
				B17D35242A49D1C800591517 /* Managers */,
				B19C8E3A2A48B7C20085160E /* Modules */,
			);
			path = ECommerce;
			sourceTree = "<group>";
		};
		B19C8E392A48B7940085160E /* Core */ = {
			isa = PBXGroup;
			children = (
				B19C8E252A48B6F20085160E /* AppDelegate.swift */,
				B19C8E272A48B6F20085160E /* SceneDelegate.swift */,
			);
			path = Core;
			sourceTree = "<group>";
		};
		B19C8E3A2A48B7C20085160E /* Modules */ = {
			isa = PBXGroup;
			children = (
				B174C40D2A49AA0A0082ADDC /* Login */,
				B19C8E3E2A48B8200085160E /* Home */,
				B19C8E3D2A48B81A0085160E /* Onboarding */,
			);
			path = Modules;
			sourceTree = "<group>";
		};
		B19C8E3B2A48B7D60085160E /* Resources */ = {
			isa = PBXGroup;
			children = (
				B19C8E302A48B6F30085160E /* LaunchScreen.storyboard */,
				B19C8E2E2A48B6F30085160E /* Assets.xcassets */,
			);
			path = Resources;
			sourceTree = "<group>";
		};
		B19C8E3C2A48B8010085160E /* Config */ = {
			isa = PBXGroup;
			children = (
				B174C41A2A49BA470082ADDC /* GoogleService-Info.plist */,
				B19C8E332A48B6F30085160E /* Info.plist */,
			);
			path = Config;
			sourceTree = "<group>";
		};
		B19C8E3D2A48B81A0085160E /* Onboarding */ = {
			isa = PBXGroup;
			children = (
				B1CB66C72A48D003008FF752 /* Cell */,
				B174C4092A4983990082ADDC /* Base */,
			);
			path = Onboarding;
			sourceTree = "<group>";
		};
		B19C8E3E2A48B8200085160E /* Home */ = {
			isa = PBXGroup;
			children = (
			);
			path = Home;
			sourceTree = "<group>";
		};
		B1CB66C72A48D003008FF752 /* Cell */ = {
			isa = PBXGroup;
			children = (
				B174C4032A495FF80082ADDC /* OnboardCell */,
			);
			path = Cell;
			sourceTree = "<group>";
		};
/* End PBXGroup section */

/* Begin PBXNativeTarget section */
		B19C8E212A48B6F20085160E /* ECommerce */ = {
			isa = PBXNativeTarget;
			buildConfigurationList = B19C8E362A48B6F30085160E /* Build configuration list for PBXNativeTarget "ECommerce" */;
			buildPhases = (
				B19C8E1E2A48B6F20085160E /* Sources */,
				B19C8E1F2A48B6F20085160E /* Frameworks */,
				B19C8E202A48B6F20085160E /* Resources */,
			);
			buildRules = (
			);
			dependencies = (
			);
			name = ECommerce;
			packageProductDependencies = (
				B1D18BAA2A48CDA1003F0E4C /* SnapKit */,
				B174C41D2A49BF190082ADDC /* FirebaseAuth */,
				B174C41F2A49BF190082ADDC /* FirebaseDatabase */,
				B17D35222A49D07B00591517 /* IQKeyboardManagerSwift */,
			);
			productName = ECommerce;
			productReference = B19C8E222A48B6F20085160E /* ECommerce.app */;
			productType = "com.apple.product-type.application";
		};
/* End PBXNativeTarget section */

/* Begin PBXProject section */
		B19C8E1A2A48B6F20085160E /* Project object */ = {
			isa = PBXProject;
			attributes = {
				BuildIndependentTargetsInParallel = 1;
				LastSwiftUpdateCheck = 1430;
				LastUpgradeCheck = 1430;
				TargetAttributes = {
					B19C8E212A48B6F20085160E = {
						CreatedOnToolsVersion = 14.3.1;
					};
				};
			};
			buildConfigurationList = B19C8E1D2A48B6F20085160E /* Build configuration list for PBXProject "ECommerce" */;
			compatibilityVersion = "Xcode 14.0";
			developmentRegion = en;
			hasScannedForEncodings = 0;
			knownRegions = (
				en,
				Base,
			);
			mainGroup = B19C8E192A48B6F20085160E;
			packageReferences = (
				B1D18BA92A48CDA1003F0E4C /* XCRemoteSwiftPackageReference "SnapKit" */,
				B174C41C2A49BF190082ADDC /* XCRemoteSwiftPackageReference "firebase-ios-sdk" */,
				B17D35212A49D07B00591517 /* XCRemoteSwiftPackageReference "IQKeyboardManager" */,
			);
			productRefGroup = B19C8E232A48B6F20085160E /* Products */;
			projectDirPath = "";
			projectRoot = "";
			targets = (
				B19C8E212A48B6F20085160E /* ECommerce */,
			);
		};
/* End PBXProject section */

/* Begin PBXResourcesBuildPhase section */
		B19C8E202A48B6F20085160E /* Resources */ = {
			isa = PBXResourcesBuildPhase;
			buildActionMask = 2147483647;
			files = (
				B19C8E322A48B6F30085160E /* LaunchScreen.storyboard in Resources */,
				B174C41B2A49BA470082ADDC /* GoogleService-Info.plist in Resources */,
				B19C8E2F2A48B6F30085160E /* Assets.xcassets in Resources */,
				B174C4112A49AB4B0082ADDC /* LoginView.xib in Resources */,
			);
			runOnlyForDeploymentPostprocessing = 0;
		};
/* End PBXResourcesBuildPhase section */

/* Begin PBXSourcesBuildPhase section */
		B19C8E1E2A48B6F20085160E /* Sources */ = {
			isa = PBXSourcesBuildPhase;
			buildActionMask = 2147483647;
			files = (
				B19C8E262A48B6F20085160E /* AppDelegate.swift in Sources */,
				B17D35272A49D1DD00591517 /* AuthManager.swift in Sources */,
				B1CB66C92A48D035008FF752 /* OnboardCell.swift in Sources */,
				B1D18BA42A48BD85003F0E4C /* OnboardingRouter.swift in Sources */,
				B1D18BA62A48BD92003F0E4C /* OnboardingPresenter.swift in Sources */,
				B174C4082A497BCF0082ADDC /* SnappingLayout.swift in Sources */,
				B19C8E402A48B83D0085160E /* OnboardingViewController.swift in Sources */,
				B19C8E282A48B6F20085160E /* SceneDelegate.swift in Sources */,
				B174C4022A495F7A0082ADDC /* OnboardCellViewModel.swift in Sources */,
				B174C4192A49AB9A0082ADDC /* LoginPresenter.swift in Sources */,
				B174C4172A49AB930082ADDC /* LoginInteractor.swift in Sources */,
				B174C4152A49AB8C0082ADDC /* LoginRouter.swift in Sources */,
				B174C4102A49AB4B0082ADDC /* LoginViewController.swift in Sources */,
				B1D18BA82A48BD9F003F0E4C /* OnboardingInteractor.swift in Sources */,
			);
			runOnlyForDeploymentPostprocessing = 0;
		};
/* End PBXSourcesBuildPhase section */

/* Begin PBXVariantGroup section */
		B19C8E302A48B6F30085160E /* LaunchScreen.storyboard */ = {
			isa = PBXVariantGroup;
			children = (
				B19C8E312A48B6F30085160E /* Base */,
			);
			name = LaunchScreen.storyboard;
			sourceTree = "<group>";
		};
/* End PBXVariantGroup section */

/* Begin XCBuildConfiguration section */
		B19C8E342A48B6F30085160E /* Debug */ = {
			isa = XCBuildConfiguration;
			buildSettings = {
				ALWAYS_SEARCH_USER_PATHS = NO;
				CLANG_ANALYZER_NONNULL = YES;
				CLANG_ANALYZER_NUMBER_OBJECT_CONVERSION = YES_AGGRESSIVE;
				CLANG_CXX_LANGUAGE_STANDARD = "gnu++20";
				CLANG_ENABLE_MODULES = YES;
				CLANG_ENABLE_OBJC_ARC = YES;
				CLANG_ENABLE_OBJC_WEAK = YES;
				CLANG_WARN_BLOCK_CAPTURE_AUTORELEASING = YES;
				CLANG_WARN_BOOL_CONVERSION = YES;
				CLANG_WARN_COMMA = YES;
				CLANG_WARN_CONSTANT_CONVERSION = YES;
				CLANG_WARN_DEPRECATED_OBJC_IMPLEMENTATIONS = YES;
				CLANG_WARN_DIRECT_OBJC_ISA_USAGE = YES_ERROR;
				CLANG_WARN_DOCUMENTATION_COMMENTS = YES;
				CLANG_WARN_EMPTY_BODY = YES;
				CLANG_WARN_ENUM_CONVERSION = YES;
				CLANG_WARN_INFINITE_RECURSION = YES;
				CLANG_WARN_INT_CONVERSION = YES;
				CLANG_WARN_NON_LITERAL_NULL_CONVERSION = YES;
				CLANG_WARN_OBJC_IMPLICIT_RETAIN_SELF = YES;
				CLANG_WARN_OBJC_LITERAL_CONVERSION = YES;
				CLANG_WARN_OBJC_ROOT_CLASS = YES_ERROR;
				CLANG_WARN_QUOTED_INCLUDE_IN_FRAMEWORK_HEADER = YES;
				CLANG_WARN_RANGE_LOOP_ANALYSIS = YES;
				CLANG_WARN_STRICT_PROTOTYPES = YES;
				CLANG_WARN_SUSPICIOUS_MOVE = YES;
				CLANG_WARN_UNGUARDED_AVAILABILITY = YES_AGGRESSIVE;
				CLANG_WARN_UNREACHABLE_CODE = YES;
				CLANG_WARN__DUPLICATE_METHOD_MATCH = YES;
				COPY_PHASE_STRIP = NO;
				DEBUG_INFORMATION_FORMAT = dwarf;
				ENABLE_STRICT_OBJC_MSGSEND = YES;
				ENABLE_TESTABILITY = YES;
				GCC_C_LANGUAGE_STANDARD = gnu11;
				GCC_DYNAMIC_NO_PIC = NO;
				GCC_NO_COMMON_BLOCKS = YES;
				GCC_OPTIMIZATION_LEVEL = 0;
				GCC_PREPROCESSOR_DEFINITIONS = (
					"DEBUG=1",
					"$(inherited)",
				);
				GCC_WARN_64_TO_32_BIT_CONVERSION = YES;
				GCC_WARN_ABOUT_RETURN_TYPE = YES_ERROR;
				GCC_WARN_UNDECLARED_SELECTOR = YES;
				GCC_WARN_UNINITIALIZED_AUTOS = YES_AGGRESSIVE;
				GCC_WARN_UNUSED_FUNCTION = YES;
				GCC_WARN_UNUSED_VARIABLE = YES;
				IPHONEOS_DEPLOYMENT_TARGET = 16.4;
				MTL_ENABLE_DEBUG_INFO = INCLUDE_SOURCE;
				MTL_FAST_MATH = YES;
				ONLY_ACTIVE_ARCH = YES;
				SDKROOT = iphoneos;
				SWIFT_ACTIVE_COMPILATION_CONDITIONS = DEBUG;
				SWIFT_OPTIMIZATION_LEVEL = "-Onone";
			};
			name = Debug;
		};
		B19C8E352A48B6F30085160E /* Release */ = {
			isa = XCBuildConfiguration;
			buildSettings = {
				ALWAYS_SEARCH_USER_PATHS = NO;
				CLANG_ANALYZER_NONNULL = YES;
				CLANG_ANALYZER_NUMBER_OBJECT_CONVERSION = YES_AGGRESSIVE;
				CLANG_CXX_LANGUAGE_STANDARD = "gnu++20";
				CLANG_ENABLE_MODULES = YES;
				CLANG_ENABLE_OBJC_ARC = YES;
				CLANG_ENABLE_OBJC_WEAK = YES;
				CLANG_WARN_BLOCK_CAPTURE_AUTORELEASING = YES;
				CLANG_WARN_BOOL_CONVERSION = YES;
				CLANG_WARN_COMMA = YES;
				CLANG_WARN_CONSTANT_CONVERSION = YES;
				CLANG_WARN_DEPRECATED_OBJC_IMPLEMENTATIONS = YES;
				CLANG_WARN_DIRECT_OBJC_ISA_USAGE = YES_ERROR;
				CLANG_WARN_DOCUMENTATION_COMMENTS = YES;
				CLANG_WARN_EMPTY_BODY = YES;
				CLANG_WARN_ENUM_CONVERSION = YES;
				CLANG_WARN_INFINITE_RECURSION = YES;
				CLANG_WARN_INT_CONVERSION = YES;
				CLANG_WARN_NON_LITERAL_NULL_CONVERSION = YES;
				CLANG_WARN_OBJC_IMPLICIT_RETAIN_SELF = YES;
				CLANG_WARN_OBJC_LITERAL_CONVERSION = YES;
				CLANG_WARN_OBJC_ROOT_CLASS = YES_ERROR;
				CLANG_WARN_QUOTED_INCLUDE_IN_FRAMEWORK_HEADER = YES;
				CLANG_WARN_RANGE_LOOP_ANALYSIS = YES;
				CLANG_WARN_STRICT_PROTOTYPES = YES;
				CLANG_WARN_SUSPICIOUS_MOVE = YES;
				CLANG_WARN_UNGUARDED_AVAILABILITY = YES_AGGRESSIVE;
				CLANG_WARN_UNREACHABLE_CODE = YES;
				CLANG_WARN__DUPLICATE_METHOD_MATCH = YES;
				COPY_PHASE_STRIP = NO;
				DEBUG_INFORMATION_FORMAT = "dwarf-with-dsym";
				ENABLE_NS_ASSERTIONS = NO;
				ENABLE_STRICT_OBJC_MSGSEND = YES;
				GCC_C_LANGUAGE_STANDARD = gnu11;
				GCC_NO_COMMON_BLOCKS = YES;
				GCC_WARN_64_TO_32_BIT_CONVERSION = YES;
				GCC_WARN_ABOUT_RETURN_TYPE = YES_ERROR;
				GCC_WARN_UNDECLARED_SELECTOR = YES;
				GCC_WARN_UNINITIALIZED_AUTOS = YES_AGGRESSIVE;
				GCC_WARN_UNUSED_FUNCTION = YES;
				GCC_WARN_UNUSED_VARIABLE = YES;
				IPHONEOS_DEPLOYMENT_TARGET = 16.4;
				MTL_ENABLE_DEBUG_INFO = NO;
				MTL_FAST_MATH = YES;
				SDKROOT = iphoneos;
				SWIFT_COMPILATION_MODE = wholemodule;
				SWIFT_OPTIMIZATION_LEVEL = "-O";
				VALIDATE_PRODUCT = YES;
			};
			name = Release;
		};
		B19C8E372A48B6F30085160E /* Debug */ = {
			isa = XCBuildConfiguration;
			buildSettings = {
				ASSETCATALOG_COMPILER_APPICON_NAME = AppIcon;
				ASSETCATALOG_COMPILER_GLOBAL_ACCENT_COLOR_NAME = AccentColor;
				CODE_SIGN_STYLE = Automatic;
				CURRENT_PROJECT_VERSION = 1;
				DEVELOPMENT_TEAM = QQ4V82589Y;
				GENERATE_INFOPLIST_FILE = YES;
				INFOPLIST_FILE = ECommerce/Config/Info.plist;
				INFOPLIST_KEY_UIApplicationSupportsIndirectInputEvents = YES;
				INFOPLIST_KEY_UILaunchStoryboardName = LaunchScreen;
				INFOPLIST_KEY_UISupportedInterfaceOrientations = UIInterfaceOrientationPortrait;
				IPHONEOS_DEPLOYMENT_TARGET = 14.0;
				LD_RUNPATH_SEARCH_PATHS = (
					"$(inherited)",
					"@executable_path/Frameworks",
				);
				MARKETING_VERSION = 1.0;
				PRODUCT_BUNDLE_IDENTIFIER = com.berkaysancar.ECommerce;
				PRODUCT_NAME = "$(TARGET_NAME)";
				SUPPORTED_PLATFORMS = "iphoneos iphonesimulator";
				SUPPORTS_MACCATALYST = NO;
				SUPPORTS_MAC_DESIGNED_FOR_IPHONE_IPAD = NO;
				SWIFT_EMIT_LOC_STRINGS = YES;
				SWIFT_VERSION = 5.0;
				TARGETED_DEVICE_FAMILY = "1,2";
			};
			name = Debug;
		};
		B19C8E382A48B6F30085160E /* Release */ = {
			isa = XCBuildConfiguration;
			buildSettings = {
				ASSETCATALOG_COMPILER_APPICON_NAME = AppIcon;
				ASSETCATALOG_COMPILER_GLOBAL_ACCENT_COLOR_NAME = AccentColor;
				CODE_SIGN_STYLE = Automatic;
				CURRENT_PROJECT_VERSION = 1;
				DEVELOPMENT_TEAM = QQ4V82589Y;
				GENERATE_INFOPLIST_FILE = YES;
				INFOPLIST_FILE = ECommerce/Config/Info.plist;
				INFOPLIST_KEY_UIApplicationSupportsIndirectInputEvents = YES;
				INFOPLIST_KEY_UILaunchStoryboardName = LaunchScreen;
				INFOPLIST_KEY_UISupportedInterfaceOrientations = UIInterfaceOrientationPortrait;
				IPHONEOS_DEPLOYMENT_TARGET = 14.0;
				LD_RUNPATH_SEARCH_PATHS = (
					"$(inherited)",
					"@executable_path/Frameworks",
				);
				MARKETING_VERSION = 1.0;
				PRODUCT_BUNDLE_IDENTIFIER = com.berkaysancar.ECommerce;
				PRODUCT_NAME = "$(TARGET_NAME)";
				SUPPORTED_PLATFORMS = "iphoneos iphonesimulator";
				SUPPORTS_MACCATALYST = NO;
				SUPPORTS_MAC_DESIGNED_FOR_IPHONE_IPAD = NO;
				SWIFT_EMIT_LOC_STRINGS = YES;
				SWIFT_VERSION = 5.0;
				TARGETED_DEVICE_FAMILY = "1,2";
			};
			name = Release;
		};
/* End XCBuildConfiguration section */

/* Begin XCConfigurationList section */
		B19C8E1D2A48B6F20085160E /* Build configuration list for PBXProject "ECommerce" */ = {
			isa = XCConfigurationList;
			buildConfigurations = (
				B19C8E342A48B6F30085160E /* Debug */,
				B19C8E352A48B6F30085160E /* Release */,
			);
			defaultConfigurationIsVisible = 0;
			defaultConfigurationName = Release;
		};
		B19C8E362A48B6F30085160E /* Build configuration list for PBXNativeTarget "ECommerce" */ = {
			isa = XCConfigurationList;
			buildConfigurations = (
				B19C8E372A48B6F30085160E /* Debug */,
				B19C8E382A48B6F30085160E /* Release */,
			);
			defaultConfigurationIsVisible = 0;
			defaultConfigurationName = Release;
		};
/* End XCConfigurationList section */

/* Begin XCRemoteSwiftPackageReference section */
		B174C41C2A49BF190082ADDC /* XCRemoteSwiftPackageReference "firebase-ios-sdk" */ = {
			isa = XCRemoteSwiftPackageReference;
			repositoryURL = "https://github.com/firebase/firebase-ios-sdk";
			requirement = {
				kind = upToNextMajorVersion;
				minimumVersion = 10.0.0;
			};
		};
		B17D35212A49D07B00591517 /* XCRemoteSwiftPackageReference "IQKeyboardManager" */ = {
			isa = XCRemoteSwiftPackageReference;
			repositoryURL = "https://github.com/hackiftekhar/IQKeyboardManager.git";
			requirement = {
				kind = upToNextMajorVersion;
				minimumVersion = 6.0.0;
			};
		};
		B1D18BA92A48CDA1003F0E4C /* XCRemoteSwiftPackageReference "SnapKit" */ = {
			isa = XCRemoteSwiftPackageReference;
			repositoryURL = "https://github.com/SnapKit/SnapKit.git";
			requirement = {
				kind = upToNextMajorVersion;
				minimumVersion = 5.0.1;
			};
		};
/* End XCRemoteSwiftPackageReference section */

/* Begin XCSwiftPackageProductDependency section */
		B174C41D2A49BF190082ADDC /* FirebaseAuth */ = {
			isa = XCSwiftPackageProductDependency;
			package = B174C41C2A49BF190082ADDC /* XCRemoteSwiftPackageReference "firebase-ios-sdk" */;
			productName = FirebaseAuth;
		};
		B174C41F2A49BF190082ADDC /* FirebaseDatabase */ = {
			isa = XCSwiftPackageProductDependency;
			package = B174C41C2A49BF190082ADDC /* XCRemoteSwiftPackageReference "firebase-ios-sdk" */;
			productName = FirebaseDatabase;
		};
		B17D35222A49D07B00591517 /* IQKeyboardManagerSwift */ = {
			isa = XCSwiftPackageProductDependency;
			package = B17D35212A49D07B00591517 /* XCRemoteSwiftPackageReference "IQKeyboardManager" */;
			productName = IQKeyboardManagerSwift;
		};
		B1D18BAA2A48CDA1003F0E4C /* SnapKit */ = {
			isa = XCSwiftPackageProductDependency;
			package = B1D18BA92A48CDA1003F0E4C /* XCRemoteSwiftPackageReference "SnapKit" */;
			productName = SnapKit;
		};
/* End XCSwiftPackageProductDependency section */
	};
	rootObject = B19C8E1A2A48B6F20085160E /* Project object */;
}
